// !$*UTF8*$!
{
	archiveVersion = 1;
	classes = {
	};
	objectVersion = 46;
	objects = {

/* Begin PBXGroup section */
		3786232B1DF1CD100013C797 = {
			isa = PBXGroup;
			children = (
			);
			sourceTree = "<group>";
		};
/* End PBXGroup section */

/* Begin PBXProject section */
		3786232C1DF1CD100013C797 /* Project object */ = {
			isa = PBXProject;
			attributes = {
				LastUpgradeCheck = 0810;
			};
			buildConfigurationList = 3786232F1DF1CD100013C797 /* Build configuration list for PBXProject "HTTPRPC-iOS" */;
			compatibilityVersion = "Xcode 3.2";
			developmentRegion = English;
			hasScannedForEncodings = 0;
			knownRegions = (
				en,
			);
			mainGroup = 3786232B1DF1CD100013C797;
			projectDirPath = "";
			projectRoot = "";
			targets = (
			);
		};
/* End PBXProject section */

/* Begin XCBuildConfiguration section */
		378623301DF1CD100013C797 /* Debug */ = {
			isa = XCBuildConfiguration;
			buildSettings = {
			};
			name = Debug;
		};
		378623311DF1CD100013C797 /* Release */ = {
			isa = XCBuildConfiguration;
			buildSettings = {
			};
			name = Release;
		};
/* End XCBuildConfiguration section */

/* Begin XCConfigurationList section */
		3786232F1DF1CD100013C797 /* Build configuration list for PBXProject "HTTPRPC-iOS" */ = {
			isa = XCConfigurationList;
			buildConfigurations = (
				378623301DF1CD100013C797 /* Debug */,
				378623311DF1CD100013C797 /* Release */,
			);
			defaultConfigurationIsVisible = 0;
			defaultConfigurationName = Release;
		};
/* End XCConfigurationList section */
	};
	rootObject = 3786232C1DF1CD100013C797 /* Project object */;
}
