// !$*UTF8*$!
{
	archiveVersion = 1;
	classes = {
	};
	objectVersion = 46;
	objects = {

/* Begin PBXBuildFile section */
		3719C4181DF1D5DD000D80F6 /* Assets.xcassets in Resources */ = {isa = PBXBuildFile; fileRef = 3719C4171DF1D5DD000D80F6 /* Assets.xcassets */; };
		3719C41B1DF1D5DD000D80F6 /* LaunchScreen.storyboard in Resources */ = {isa = PBXBuildFile; fileRef = 3719C4191DF1D5DD000D80F6 /* LaunchScreen.storyboard */; };
		3719C4211DF1D5FC000D80F6 /* AppDelegate.swift in Sources */ = {isa = PBXBuildFile; fileRef = 3719C4201DF1D5FC000D80F6 /* AppDelegate.swift */; };
		3719C4231DF1D605000D80F6 /* MainViewController.swift in Sources */ = {isa = PBXBuildFile; fileRef = 3719C4221DF1D605000D80F6 /* MainViewController.swift */; };
		3719C4261DF1D60C000D80F6 /* AddNoteViewController.swift in Sources */ = {isa = PBXBuildFile; fileRef = 3719C4241DF1D60C000D80F6 /* AddNoteViewController.swift */; };
		3719C4271DF1D60C000D80F6 /* AddNoteViewController.xml in Resources */ = {isa = PBXBuildFile; fileRef = 3719C4251DF1D60C000D80F6 /* AddNoteViewController.xml */; };
		3719C42A1DF1D61E000D80F6 /* Localizable.strings in Resources */ = {isa = PBXBuildFile; fileRef = 3719C42C1DF1D61E000D80F6 /* Localizable.strings */; };
		3719C42D1DF1D635000D80F6 /* HTTPRPC.framework in Frameworks */ = {isa = PBXBuildFile; fileRef = 3786233E1DF1CE3B0013C797 /* HTTPRPC.framework */; };
		3719C42E1DF1D635000D80F6 /* HTTPRPC.framework in Embed Frameworks */ = {isa = PBXBuildFile; fileRef = 3786233E1DF1CE3B0013C797 /* HTTPRPC.framework */; settings = {ATTRIBUTES = (CodeSignOnCopy, RemoveHeadersOnCopy, ); }; };
		3719C4321DF1D637000D80F6 /* MarkupKit.framework in Frameworks */ = {isa = PBXBuildFile; fileRef = 378623811DF1D1A30013C797 /* MarkupKit.framework */; };
		3719C4331DF1D637000D80F6 /* MarkupKit.framework in Embed Frameworks */ = {isa = PBXBuildFile; fileRef = 378623811DF1D1A30013C797 /* MarkupKit.framework */; settings = {ATTRIBUTES = (CodeSignOnCopy, RemoveHeadersOnCopy, ); }; };
		3719C4421DF1D74F000D80F6 /* Assets.xcassets in Resources */ = {isa = PBXBuildFile; fileRef = 3719C4411DF1D74F000D80F6 /* Assets.xcassets */; };
		3719C4451DF1D74F000D80F6 /* LaunchScreen.storyboard in Resources */ = {isa = PBXBuildFile; fileRef = 3719C4431DF1D74F000D80F6 /* LaunchScreen.storyboard */; };
		3719C44A1DF1D75D000D80F6 /* HTTPRPC.framework in Frameworks */ = {isa = PBXBuildFile; fileRef = 3786233E1DF1CE3B0013C797 /* HTTPRPC.framework */; };
		3719C44B1DF1D75D000D80F6 /* HTTPRPC.framework in Embed Frameworks */ = {isa = PBXBuildFile; fileRef = 3786233E1DF1CE3B0013C797 /* HTTPRPC.framework */; settings = {ATTRIBUTES = (CodeSignOnCopy, RemoveHeadersOnCopy, ); }; };
		3719C44F1DF1D75F000D80F6 /* MarkupKit.framework in Frameworks */ = {isa = PBXBuildFile; fileRef = 378623811DF1D1A30013C797 /* MarkupKit.framework */; };
		3719C4501DF1D75F000D80F6 /* MarkupKit.framework in Embed Frameworks */ = {isa = PBXBuildFile; fileRef = 378623811DF1D1A30013C797 /* MarkupKit.framework */; settings = {ATTRIBUTES = (CodeSignOnCopy, RemoveHeadersOnCopy, ); }; };
		3719C4521DF1D77B000D80F6 /* AppDelegate.swift in Sources */ = {isa = PBXBuildFile; fileRef = 3719C4511DF1D77B000D80F6 /* AppDelegate.swift */; };
		3719C4561DF1D793000D80F6 /* UserCell.swift in Sources */ = {isa = PBXBuildFile; fileRef = 3719C4531DF1D793000D80F6 /* UserCell.swift */; };
		3719C4571DF1D793000D80F6 /* UserCell.xml in Resources */ = {isa = PBXBuildFile; fileRef = 3719C4541DF1D793000D80F6 /* UserCell.xml */; };
		3719C4581DF1D793000D80F6 /* UserViewController.swift in Sources */ = {isa = PBXBuildFile; fileRef = 3719C4551DF1D793000D80F6 /* UserViewController.swift */; };
		3719C45A1DF1D7A3000D80F6 /* PostViewController.swift in Sources */ = {isa = PBXBuildFile; fileRef = 3719C4591DF1D7A3000D80F6 /* PostViewController.swift */; };
		3719C45D1DF1D7A9000D80F6 /* PostCell.swift in Sources */ = {isa = PBXBuildFile; fileRef = 3719C45B1DF1D7A9000D80F6 /* PostCell.swift */; };
		3719C45E1DF1D7A9000D80F6 /* PostCell.xml in Resources */ = {isa = PBXBuildFile; fileRef = 3719C45C1DF1D7A9000D80F6 /* PostCell.xml */; };
		378623581DF1CF1B0013C797 /* HTTPRPC.h in Headers */ = {isa = PBXBuildFile; fileRef = 378623551DF1CF1B0013C797 /* HTTPRPC.h */; settings = {ATTRIBUTES = (Public, ); }; };
		378623591DF1CF1B0013C797 /* WSWebServiceProxy.h in Headers */ = {isa = PBXBuildFile; fileRef = 378623561DF1CF1B0013C797 /* WSWebServiceProxy.h */; settings = {ATTRIBUTES = (Public, ); }; };
		3786235A1DF1CF1B0013C797 /* WSWebServiceProxy.m in Sources */ = {isa = PBXBuildFile; fileRef = 378623571DF1CF1B0013C797 /* WSWebServiceProxy.m */; };
		3786236F1DF1D0850013C797 /* Assets.xcassets in Resources */ = {isa = PBXBuildFile; fileRef = 3786236E1DF1D0850013C797 /* Assets.xcassets */; };
		378623721DF1D0850013C797 /* LaunchScreen.storyboard in Resources */ = {isa = PBXBuildFile; fileRef = 378623701DF1D0850013C797 /* LaunchScreen.storyboard */; };
		378623781DF1D0A40013C797 /* AppDelegate.swift in Sources */ = {isa = PBXBuildFile; fileRef = 378623771DF1D0A40013C797 /* AppDelegate.swift */; };
		3786237B1DF1D0B70013C797 /* ViewController.swift in Sources */ = {isa = PBXBuildFile; fileRef = 378623791DF1D0B70013C797 /* ViewController.swift */; };
		3786237C1DF1D0B70013C797 /* ViewController.xml in Resources */ = {isa = PBXBuildFile; fileRef = 3786237A1DF1D0B70013C797 /* ViewController.xml */; };
		3786237F1DF1D0C20013C797 /* test.jpg in Resources */ = {isa = PBXBuildFile; fileRef = 3786237D1DF1D0C20013C797 /* test.jpg */; };
		378623801DF1D0C20013C797 /* test.txt in Resources */ = {isa = PBXBuildFile; fileRef = 3786237E1DF1D0C20013C797 /* test.txt */; };
		378623821DF1D1A30013C797 /* MarkupKit.framework in Frameworks */ = {isa = PBXBuildFile; fileRef = 378623811DF1D1A30013C797 /* MarkupKit.framework */; };
		378623831DF1D1A30013C797 /* MarkupKit.framework in Embed Frameworks */ = {isa = PBXBuildFile; fileRef = 378623811DF1D1A30013C797 /* MarkupKit.framework */; settings = {ATTRIBUTES = (CodeSignOnCopy, RemoveHeadersOnCopy, ); }; };
		378623851DF1D1CF0013C797 /* HTTPRPC.framework in Frameworks */ = {isa = PBXBuildFile; fileRef = 3786233E1DF1CE3B0013C797 /* HTTPRPC.framework */; };
		378623861DF1D1CF0013C797 /* HTTPRPC.framework in Embed Frameworks */ = {isa = PBXBuildFile; fileRef = 3786233E1DF1CE3B0013C797 /* HTTPRPC.framework */; settings = {ATTRIBUTES = (CodeSignOnCopy, RemoveHeadersOnCopy, ); }; };
/* End PBXBuildFile section */

/* Begin PBXContainerItemProxy section */
		3719C42F1DF1D635000D80F6 /* PBXContainerItemProxy */ = {
			isa = PBXContainerItemProxy;
			containerPortal = 3786232C1DF1CD100013C797 /* Project object */;
			proxyType = 1;
			remoteGlobalIDString = 3786233D1DF1CE3B0013C797;
			remoteInfo = HTTPRPC;
		};
		3719C44C1DF1D75D000D80F6 /* PBXContainerItemProxy */ = {
			isa = PBXContainerItemProxy;
			containerPortal = 3786232C1DF1CD100013C797 /* Project object */;
			proxyType = 1;
			remoteGlobalIDString = 3786233D1DF1CE3B0013C797;
			remoteInfo = HTTPRPC;
		};
		378623871DF1D1CF0013C797 /* PBXContainerItemProxy */ = {
			isa = PBXContainerItemProxy;
			containerPortal = 3786232C1DF1CD100013C797 /* Project object */;
			proxyType = 1;
			remoteGlobalIDString = 3786233D1DF1CE3B0013C797;
			remoteInfo = HTTPRPC;
		};
/* End PBXContainerItemProxy section */

/* Begin PBXCopyFilesBuildPhase section */
		3719C4311DF1D635000D80F6 /* Embed Frameworks */ = {
			isa = PBXCopyFilesBuildPhase;
			buildActionMask = 2147483647;
			dstPath = "";
			dstSubfolderSpec = 10;
			files = (
				3719C42E1DF1D635000D80F6 /* HTTPRPC.framework in Embed Frameworks */,
				3719C4331DF1D637000D80F6 /* MarkupKit.framework in Embed Frameworks */,
			);
			name = "Embed Frameworks";
			runOnlyForDeploymentPostprocessing = 0;
		};
		3719C44E1DF1D75D000D80F6 /* Embed Frameworks */ = {
			isa = PBXCopyFilesBuildPhase;
			buildActionMask = 2147483647;
			dstPath = "";
			dstSubfolderSpec = 10;
			files = (
				3719C44B1DF1D75D000D80F6 /* HTTPRPC.framework in Embed Frameworks */,
				3719C4501DF1D75F000D80F6 /* MarkupKit.framework in Embed Frameworks */,
			);
			name = "Embed Frameworks";
			runOnlyForDeploymentPostprocessing = 0;
		};
		378623841DF1D1A30013C797 /* Embed Frameworks */ = {
			isa = PBXCopyFilesBuildPhase;
			buildActionMask = 2147483647;
			dstPath = "";
			dstSubfolderSpec = 10;
			files = (
				378623861DF1D1CF0013C797 /* HTTPRPC.framework in Embed Frameworks */,
				378623831DF1D1A30013C797 /* MarkupKit.framework in Embed Frameworks */,
			);
			name = "Embed Frameworks";
			runOnlyForDeploymentPostprocessing = 0;
		};
/* End PBXCopyFilesBuildPhase section */

/* Begin PBXFileReference section */
		3719C40E1DF1D5DD000D80F6 /* HTTPRPCDemo.app */ = {isa = PBXFileReference; explicitFileType = wrapper.application; includeInIndex = 0; path = HTTPRPCDemo.app; sourceTree = BUILT_PRODUCTS_DIR; };
		3719C4171DF1D5DD000D80F6 /* Assets.xcassets */ = {isa = PBXFileReference; lastKnownFileType = folder.assetcatalog; path = Assets.xcassets; sourceTree = "<group>"; };
		3719C41A1DF1D5DD000D80F6 /* Base */ = {isa = PBXFileReference; lastKnownFileType = file.storyboard; name = Base; path = Base.lproj/LaunchScreen.storyboard; sourceTree = "<group>"; };
		3719C41C1DF1D5DD000D80F6 /* Info.plist */ = {isa = PBXFileReference; lastKnownFileType = text.plist.xml; path = Info.plist; sourceTree = "<group>"; };
		3719C4201DF1D5FC000D80F6 /* AppDelegate.swift */ = {isa = PBXFileReference; fileEncoding = 4; lastKnownFileType = sourcecode.swift; path = AppDelegate.swift; sourceTree = "<group>"; };
		3719C4221DF1D605000D80F6 /* MainViewController.swift */ = {isa = PBXFileReference; fileEncoding = 4; lastKnownFileType = sourcecode.swift; path = MainViewController.swift; sourceTree = "<group>"; };
		3719C4241DF1D60C000D80F6 /* AddNoteViewController.swift */ = {isa = PBXFileReference; fileEncoding = 4; lastKnownFileType = sourcecode.swift; path = AddNoteViewController.swift; sourceTree = "<group>"; };
		3719C4251DF1D60C000D80F6 /* AddNoteViewController.xml */ = {isa = PBXFileReference; fileEncoding = 4; lastKnownFileType = text.xml; path = AddNoteViewController.xml; sourceTree = "<group>"; };
		3719C42B1DF1D61E000D80F6 /* en */ = {isa = PBXFileReference; lastKnownFileType = text.plist.strings; name = en; path = en.lproj/Localizable.strings; sourceTree = "<group>"; };
		3719C4381DF1D74E000D80F6 /* HTTPRPCExample.app */ = {isa = PBXFileReference; explicitFileType = wrapper.application; includeInIndex = 0; path = HTTPRPCExample.app; sourceTree = BUILT_PRODUCTS_DIR; };
		3719C4411DF1D74F000D80F6 /* Assets.xcassets */ = {isa = PBXFileReference; lastKnownFileType = folder.assetcatalog; path = Assets.xcassets; sourceTree = "<group>"; };
		3719C4441DF1D74F000D80F6 /* Base */ = {isa = PBXFileReference; lastKnownFileType = file.storyboard; name = Base; path = Base.lproj/LaunchScreen.storyboard; sourceTree = "<group>"; };
		3719C4461DF1D74F000D80F6 /* Info.plist */ = {isa = PBXFileReference; lastKnownFileType = text.plist.xml; path = Info.plist; sourceTree = "<group>"; };
		3719C4511DF1D77B000D80F6 /* AppDelegate.swift */ = {isa = PBXFileReference; fileEncoding = 4; lastKnownFileType = sourcecode.swift; path = AppDelegate.swift; sourceTree = "<group>"; };
		3719C4531DF1D793000D80F6 /* UserCell.swift */ = {isa = PBXFileReference; fileEncoding = 4; lastKnownFileType = sourcecode.swift; path = UserCell.swift; sourceTree = "<group>"; };
		3719C4541DF1D793000D80F6 /* UserCell.xml */ = {isa = PBXFileReference; fileEncoding = 4; lastKnownFileType = text.xml; path = UserCell.xml; sourceTree = "<group>"; };
		3719C4551DF1D793000D80F6 /* UserViewController.swift */ = {isa = PBXFileReference; fileEncoding = 4; lastKnownFileType = sourcecode.swift; path = UserViewController.swift; sourceTree = "<group>"; };
		3719C4591DF1D7A3000D80F6 /* PostViewController.swift */ = {isa = PBXFileReference; fileEncoding = 4; lastKnownFileType = sourcecode.swift; path = PostViewController.swift; sourceTree = "<group>"; };
		3719C45B1DF1D7A9000D80F6 /* PostCell.swift */ = {isa = PBXFileReference; fileEncoding = 4; lastKnownFileType = sourcecode.swift; path = PostCell.swift; sourceTree = "<group>"; };
		3719C45C1DF1D7A9000D80F6 /* PostCell.xml */ = {isa = PBXFileReference; fileEncoding = 4; lastKnownFileType = text.xml; path = PostCell.xml; sourceTree = "<group>"; };
		3786233E1DF1CE3B0013C797 /* HTTPRPC.framework */ = {isa = PBXFileReference; explicitFileType = wrapper.framework; includeInIndex = 0; path = HTTPRPC.framework; sourceTree = BUILT_PRODUCTS_DIR; };
		378623421DF1CE3B0013C797 /* Info.plist */ = {isa = PBXFileReference; lastKnownFileType = text.plist.xml; path = Info.plist; sourceTree = "<group>"; };
		378623551DF1CF1B0013C797 /* HTTPRPC.h */ = {isa = PBXFileReference; fileEncoding = 4; lastKnownFileType = sourcecode.c.h; path = HTTPRPC.h; sourceTree = "<group>"; };
		378623561DF1CF1B0013C797 /* WSWebServiceProxy.h */ = {isa = PBXFileReference; fileEncoding = 4; lastKnownFileType = sourcecode.c.h; path = WSWebServiceProxy.h; sourceTree = "<group>"; };
		378623571DF1CF1B0013C797 /* WSWebServiceProxy.m */ = {isa = PBXFileReference; fileEncoding = 4; lastKnownFileType = sourcecode.c.objc; path = WSWebServiceProxy.m; sourceTree = "<group>"; };
		378623651DF1D0850013C797 /* HTTPRPCTest.app */ = {isa = PBXFileReference; explicitFileType = wrapper.application; includeInIndex = 0; path = HTTPRPCTest.app; sourceTree = BUILT_PRODUCTS_DIR; };
		3786236E1DF1D0850013C797 /* Assets.xcassets */ = {isa = PBXFileReference; lastKnownFileType = folder.assetcatalog; path = Assets.xcassets; sourceTree = "<group>"; };
		378623711DF1D0850013C797 /* Base */ = {isa = PBXFileReference; lastKnownFileType = file.storyboard; name = Base; path = Base.lproj/LaunchScreen.storyboard; sourceTree = "<group>"; };
		378623731DF1D0850013C797 /* Info.plist */ = {isa = PBXFileReference; lastKnownFileType = text.plist.xml; path = Info.plist; sourceTree = "<group>"; };
		378623771DF1D0A40013C797 /* AppDelegate.swift */ = {isa = PBXFileReference; fileEncoding = 4; lastKnownFileType = sourcecode.swift; path = AppDelegate.swift; sourceTree = "<group>"; };
		378623791DF1D0B70013C797 /* ViewController.swift */ = {isa = PBXFileReference; fileEncoding = 4; lastKnownFileType = sourcecode.swift; path = ViewController.swift; sourceTree = "<group>"; };
		3786237A1DF1D0B70013C797 /* ViewController.xml */ = {isa = PBXFileReference; fileEncoding = 4; lastKnownFileType = text.xml; path = ViewController.xml; sourceTree = "<group>"; };
		3786237D1DF1D0C20013C797 /* test.jpg */ = {isa = PBXFileReference; lastKnownFileType = image.jpeg; path = test.jpg; sourceTree = "<group>"; };
		3786237E1DF1D0C20013C797 /* test.txt */ = {isa = PBXFileReference; fileEncoding = 4; lastKnownFileType = text; path = test.txt; sourceTree = "<group>"; };
		378623811DF1D1A30013C797 /* MarkupKit.framework */ = {isa = PBXFileReference; lastKnownFileType = wrapper.framework; path = MarkupKit.framework; sourceTree = "<group>"; };
/* End PBXFileReference section */

/* Begin PBXFrameworksBuildPhase section */
		3719C40B1DF1D5DD000D80F6 /* Frameworks */ = {
			isa = PBXFrameworksBuildPhase;
			buildActionMask = 2147483647;
			files = (
				3719C42D1DF1D635000D80F6 /* HTTPRPC.framework in Frameworks */,
				3719C4321DF1D637000D80F6 /* MarkupKit.framework in Frameworks */,
			);
			runOnlyForDeploymentPostprocessing = 0;
		};
		3719C4351DF1D74E000D80F6 /* Frameworks */ = {
			isa = PBXFrameworksBuildPhase;
			buildActionMask = 2147483647;
			files = (
				3719C44A1DF1D75D000D80F6 /* HTTPRPC.framework in Frameworks */,
				3719C44F1DF1D75F000D80F6 /* MarkupKit.framework in Frameworks */,
			);
			runOnlyForDeploymentPostprocessing = 0;
		};
		3786233A1DF1CE3B0013C797 /* Frameworks */ = {
			isa = PBXFrameworksBuildPhase;
			buildActionMask = 2147483647;
			files = (
			);
			runOnlyForDeploymentPostprocessing = 0;
		};
		378623621DF1D0850013C797 /* Frameworks */ = {
			isa = PBXFrameworksBuildPhase;
			buildActionMask = 2147483647;
			files = (
				378623851DF1D1CF0013C797 /* HTTPRPC.framework in Frameworks */,
				378623821DF1D1A30013C797 /* MarkupKit.framework in Frameworks */,
			);
			runOnlyForDeploymentPostprocessing = 0;
		};
/* End PBXFrameworksBuildPhase section */

/* Begin PBXGroup section */
		3719C40F1DF1D5DD000D80F6 /* HTTPRPCDemo */ = {
			isa = PBXGroup;
			children = (
				3719C4201DF1D5FC000D80F6 /* AppDelegate.swift */,
				3719C4221DF1D605000D80F6 /* MainViewController.swift */,
				3719C4241DF1D60C000D80F6 /* AddNoteViewController.swift */,
				3719C4251DF1D60C000D80F6 /* AddNoteViewController.xml */,
				3719C4171DF1D5DD000D80F6 /* Assets.xcassets */,
				3719C4191DF1D5DD000D80F6 /* LaunchScreen.storyboard */,
				3719C41C1DF1D5DD000D80F6 /* Info.plist */,
				3719C42C1DF1D61E000D80F6 /* Localizable.strings */,
			);
			path = HTTPRPCDemo;
			sourceTree = "<group>";
		};
		3719C4391DF1D74F000D80F6 /* HTTPRPCExample */ = {
			isa = PBXGroup;
			children = (
				3719C4511DF1D77B000D80F6 /* AppDelegate.swift */,
				3719C4551DF1D793000D80F6 /* UserViewController.swift */,
				3719C4531DF1D793000D80F6 /* UserCell.swift */,
				3719C4541DF1D793000D80F6 /* UserCell.xml */,
				3719C4591DF1D7A3000D80F6 /* PostViewController.swift */,
				3719C45B1DF1D7A9000D80F6 /* PostCell.swift */,
				3719C45C1DF1D7A9000D80F6 /* PostCell.xml */,
				3719C4411DF1D74F000D80F6 /* Assets.xcassets */,
				3719C4431DF1D74F000D80F6 /* LaunchScreen.storyboard */,
				3719C4461DF1D74F000D80F6 /* Info.plist */,
			);
			path = HTTPRPCExample;
			sourceTree = "<group>";
		};
		3786232B1DF1CD100013C797 = {
			isa = PBXGroup;
			children = (
				378623811DF1D1A30013C797 /* MarkupKit.framework */,
				378623401DF1CE3B0013C797 /* HTTPRPC */,
				378623661DF1D0850013C797 /* HTTPRPCTest */,
				3719C40F1DF1D5DD000D80F6 /* HTTPRPCDemo */,
				3719C4391DF1D74F000D80F6 /* HTTPRPCExample */,
				3786233F1DF1CE3B0013C797 /* Products */,
			);
			sourceTree = "<group>";
		};
		3786233F1DF1CE3B0013C797 /* Products */ = {
			isa = PBXGroup;
			children = (
				3786233E1DF1CE3B0013C797 /* HTTPRPC.framework */,
				378623651DF1D0850013C797 /* HTTPRPCTest.app */,
				3719C40E1DF1D5DD000D80F6 /* HTTPRPCDemo.app */,
				3719C4381DF1D74E000D80F6 /* HTTPRPCExample.app */,
			);
			name = Products;
			sourceTree = "<group>";
		};
		378623401DF1CE3B0013C797 /* HTTPRPC */ = {
			isa = PBXGroup;
			children = (
				378623551DF1CF1B0013C797 /* HTTPRPC.h */,
				378623561DF1CF1B0013C797 /* WSWebServiceProxy.h */,
				378623571DF1CF1B0013C797 /* WSWebServiceProxy.m */,
				378623421DF1CE3B0013C797 /* Info.plist */,
			);
			path = HTTPRPC;
			sourceTree = "<group>";
		};
		378623661DF1D0850013C797 /* HTTPRPCTest */ = {
			isa = PBXGroup;
			children = (
				378623771DF1D0A40013C797 /* AppDelegate.swift */,
				378623791DF1D0B70013C797 /* ViewController.swift */,
				3786237A1DF1D0B70013C797 /* ViewController.xml */,
				3786237D1DF1D0C20013C797 /* test.jpg */,
				3786237E1DF1D0C20013C797 /* test.txt */,
				3786236E1DF1D0850013C797 /* Assets.xcassets */,
				378623701DF1D0850013C797 /* LaunchScreen.storyboard */,
				378623731DF1D0850013C797 /* Info.plist */,
			);
			path = HTTPRPCTest;
			sourceTree = "<group>";
		};
/* End PBXGroup section */

/* Begin PBXHeadersBuildPhase section */
		3786233B1DF1CE3B0013C797 /* Headers */ = {
			isa = PBXHeadersBuildPhase;
			buildActionMask = 2147483647;
			files = (
				378623581DF1CF1B0013C797 /* HTTPRPC.h in Headers */,
				378623591DF1CF1B0013C797 /* WSWebServiceProxy.h in Headers */,
			);
			runOnlyForDeploymentPostprocessing = 0;
		};
/* End PBXHeadersBuildPhase section */

/* Begin PBXNativeTarget section */
		3719C40D1DF1D5DD000D80F6 /* HTTPRPCDemo */ = {
			isa = PBXNativeTarget;
			buildConfigurationList = 3719C41F1DF1D5DD000D80F6 /* Build configuration list for PBXNativeTarget "HTTPRPCDemo" */;
			buildPhases = (
				3719C40A1DF1D5DD000D80F6 /* Sources */,
				3719C40B1DF1D5DD000D80F6 /* Frameworks */,
				3719C40C1DF1D5DD000D80F6 /* Resources */,
				3719C4311DF1D635000D80F6 /* Embed Frameworks */,
			);
			buildRules = (
			);
			dependencies = (
				3719C4301DF1D635000D80F6 /* PBXTargetDependency */,
			);
			name = HTTPRPCDemo;
			productName = HTTPRPCDemo;
			productReference = 3719C40E1DF1D5DD000D80F6 /* HTTPRPCDemo.app */;
			productType = "com.apple.product-type.application";
		};
		3719C4371DF1D74E000D80F6 /* HTTPRPCExample */ = {
			isa = PBXNativeTarget;
			buildConfigurationList = 3719C4471DF1D74F000D80F6 /* Build configuration list for PBXNativeTarget "HTTPRPCExample" */;
			buildPhases = (
				3719C4341DF1D74E000D80F6 /* Sources */,
				3719C4351DF1D74E000D80F6 /* Frameworks */,
				3719C4361DF1D74E000D80F6 /* Resources */,
				3719C44E1DF1D75D000D80F6 /* Embed Frameworks */,
			);
			buildRules = (
			);
			dependencies = (
				3719C44D1DF1D75D000D80F6 /* PBXTargetDependency */,
			);
			name = HTTPRPCExample;
			productName = HTTPRPCExample;
			productReference = 3719C4381DF1D74E000D80F6 /* HTTPRPCExample.app */;
			productType = "com.apple.product-type.application";
		};
		3786233D1DF1CE3B0013C797 /* HTTPRPC */ = {
			isa = PBXNativeTarget;
			buildConfigurationList = 378623441DF1CE3B0013C797 /* Build configuration list for PBXNativeTarget "HTTPRPC" */;
			buildPhases = (
				378623391DF1CE3B0013C797 /* Sources */,
				3786233A1DF1CE3B0013C797 /* Frameworks */,
				3786233B1DF1CE3B0013C797 /* Headers */,
				3786233C1DF1CE3B0013C797 /* Resources */,
			);
			buildRules = (
			);
			dependencies = (
			);
			name = HTTPRPC;
			productName = HTTPRPC;
			productReference = 3786233E1DF1CE3B0013C797 /* HTTPRPC.framework */;
			productType = "com.apple.product-type.framework";
		};
		378623641DF1D0850013C797 /* HTTPRPCTest */ = {
			isa = PBXNativeTarget;
			buildConfigurationList = 378623741DF1D0850013C797 /* Build configuration list for PBXNativeTarget "HTTPRPCTest" */;
			buildPhases = (
				378623611DF1D0850013C797 /* Sources */,
				378623621DF1D0850013C797 /* Frameworks */,
				378623631DF1D0850013C797 /* Resources */,
				378623841DF1D1A30013C797 /* Embed Frameworks */,
			);
			buildRules = (
			);
			dependencies = (
				378623881DF1D1CF0013C797 /* PBXTargetDependency */,
			);
			name = HTTPRPCTest;
			productName = HTTPRPCTest;
			productReference = 378623651DF1D0850013C797 /* HTTPRPCTest.app */;
			productType = "com.apple.product-type.application";
		};
/* End PBXNativeTarget section */

/* Begin PBXProject section */
		3786232C1DF1CD100013C797 /* Project object */ = {
			isa = PBXProject;
			attributes = {
				LastSwiftUpdateCheck = 0810;
				LastUpgradeCheck = 0810;
				TargetAttributes = {
					3719C40D1DF1D5DD000D80F6 = {
						CreatedOnToolsVersion = 8.1;
						DevelopmentTeam = FBUU23VBFN;
						LastSwiftMigration = 0810;
						ProvisioningStyle = Automatic;
					};
					3719C4371DF1D74E000D80F6 = {
						CreatedOnToolsVersion = 8.1;
						DevelopmentTeam = FBUU23VBFN;
						LastSwiftMigration = 0810;
						ProvisioningStyle = Automatic;
					};
					3786233D1DF1CE3B0013C797 = {
						CreatedOnToolsVersion = 8.1;
						DevelopmentTeam = FBUU23VBFN;
						ProvisioningStyle = Automatic;
					};
					378623641DF1D0850013C797 = {
						CreatedOnToolsVersion = 8.1;
						DevelopmentTeam = FBUU23VBFN;
						LastSwiftMigration = 0810;
						ProvisioningStyle = Automatic;
					};
				};
			};
			buildConfigurationList = 3786232F1DF1CD100013C797 /* Build configuration list for PBXProject "HTTPRPC-iOS" */;
			compatibilityVersion = "Xcode 3.2";
			developmentRegion = English;
			hasScannedForEncodings = 0;
			knownRegions = (
				en,
				Base,
			);
			mainGroup = 3786232B1DF1CD100013C797;
			productRefGroup = 3786233F1DF1CE3B0013C797 /* Products */;
			projectDirPath = "";
			projectRoot = "";
			targets = (
				3786233D1DF1CE3B0013C797 /* HTTPRPC */,
				378623641DF1D0850013C797 /* HTTPRPCTest */,
				3719C40D1DF1D5DD000D80F6 /* HTTPRPCDemo */,
				3719C4371DF1D74E000D80F6 /* HTTPRPCExample */,
			);
		};
/* End PBXProject section */

/* Begin PBXResourcesBuildPhase section */
		3719C40C1DF1D5DD000D80F6 /* Resources */ = {
			isa = PBXResourcesBuildPhase;
			buildActionMask = 2147483647;
			files = (
				3719C4271DF1D60C000D80F6 /* AddNoteViewController.xml in Resources */,
				3719C4181DF1D5DD000D80F6 /* Assets.xcassets in Resources */,
				3719C41B1DF1D5DD000D80F6 /* LaunchScreen.storyboard in Resources */,
				3719C42A1DF1D61E000D80F6 /* Localizable.strings in Resources */,
			);
			runOnlyForDeploymentPostprocessing = 0;
		};
		3719C4361DF1D74E000D80F6 /* Resources */ = {
			isa = PBXResourcesBuildPhase;
			buildActionMask = 2147483647;
			files = (
				3719C4571DF1D793000D80F6 /* UserCell.xml in Resources */,
				3719C45E1DF1D7A9000D80F6 /* PostCell.xml in Resources */,
				3719C4421DF1D74F000D80F6 /* Assets.xcassets in Resources */,
				3719C4451DF1D74F000D80F6 /* LaunchScreen.storyboard in Resources */,
			);
			runOnlyForDeploymentPostprocessing = 0;
		};
		3786233C1DF1CE3B0013C797 /* Resources */ = {
			isa = PBXResourcesBuildPhase;
			buildActionMask = 2147483647;
			files = (
			);
			runOnlyForDeploymentPostprocessing = 0;
		};
		378623631DF1D0850013C797 /* Resources */ = {
			isa = PBXResourcesBuildPhase;
			buildActionMask = 2147483647;
			files = (
				3786237C1DF1D0B70013C797 /* ViewController.xml in Resources */,
				3786237F1DF1D0C20013C797 /* test.jpg in Resources */,
				378623801DF1D0C20013C797 /* test.txt in Resources */,
				3786236F1DF1D0850013C797 /* Assets.xcassets in Resources */,
				378623721DF1D0850013C797 /* LaunchScreen.storyboard in Resources */,
			);
			runOnlyForDeploymentPostprocessing = 0;
		};
/* End PBXResourcesBuildPhase section */

/* Begin PBXSourcesBuildPhase section */
		3719C40A1DF1D5DD000D80F6 /* Sources */ = {
			isa = PBXSourcesBuildPhase;
			buildActionMask = 2147483647;
			files = (
				3719C4211DF1D5FC000D80F6 /* AppDelegate.swift in Sources */,
				3719C4231DF1D605000D80F6 /* MainViewController.swift in Sources */,
				3719C4261DF1D60C000D80F6 /* AddNoteViewController.swift in Sources */,
			);
			runOnlyForDeploymentPostprocessing = 0;
		};
		3719C4341DF1D74E000D80F6 /* Sources */ = {
			isa = PBXSourcesBuildPhase;
			buildActionMask = 2147483647;
			files = (
				3719C4521DF1D77B000D80F6 /* AppDelegate.swift in Sources */,
				3719C4581DF1D793000D80F6 /* UserViewController.swift in Sources */,
				3719C4561DF1D793000D80F6 /* UserCell.swift in Sources */,
				3719C45A1DF1D7A3000D80F6 /* PostViewController.swift in Sources */,
				3719C45D1DF1D7A9000D80F6 /* PostCell.swift in Sources */,
			);
			runOnlyForDeploymentPostprocessing = 0;
		};
		378623391DF1CE3B0013C797 /* Sources */ = {
			isa = PBXSourcesBuildPhase;
			buildActionMask = 2147483647;
			files = (
				3786235A1DF1CF1B0013C797 /* WSWebServiceProxy.m in Sources */,
			);
			runOnlyForDeploymentPostprocessing = 0;
		};
		378623611DF1D0850013C797 /* Sources */ = {
			isa = PBXSourcesBuildPhase;
			buildActionMask = 2147483647;
			files = (
				378623781DF1D0A40013C797 /* AppDelegate.swift in Sources */,
				3786237B1DF1D0B70013C797 /* ViewController.swift in Sources */,
			);
			runOnlyForDeploymentPostprocessing = 0;
		};
/* End PBXSourcesBuildPhase section */

/* Begin PBXTargetDependency section */
		3719C4301DF1D635000D80F6 /* PBXTargetDependency */ = {
			isa = PBXTargetDependency;
			target = 3786233D1DF1CE3B0013C797 /* HTTPRPC */;
			targetProxy = 3719C42F1DF1D635000D80F6 /* PBXContainerItemProxy */;
		};
		3719C44D1DF1D75D000D80F6 /* PBXTargetDependency */ = {
			isa = PBXTargetDependency;
			target = 3786233D1DF1CE3B0013C797 /* HTTPRPC */;
			targetProxy = 3719C44C1DF1D75D000D80F6 /* PBXContainerItemProxy */;
		};
		378623881DF1D1CF0013C797 /* PBXTargetDependency */ = {
			isa = PBXTargetDependency;
			target = 3786233D1DF1CE3B0013C797 /* HTTPRPC */;
			targetProxy = 378623871DF1D1CF0013C797 /* PBXContainerItemProxy */;
		};
/* End PBXTargetDependency section */

/* Begin PBXVariantGroup section */
		3719C4191DF1D5DD000D80F6 /* LaunchScreen.storyboard */ = {
			isa = PBXVariantGroup;
			children = (
				3719C41A1DF1D5DD000D80F6 /* Base */,
			);
			name = LaunchScreen.storyboard;
			sourceTree = "<group>";
		};
		3719C42C1DF1D61E000D80F6 /* Localizable.strings */ = {
			isa = PBXVariantGroup;
			children = (
				3719C42B1DF1D61E000D80F6 /* en */,
			);
			name = Localizable.strings;
			sourceTree = "<group>";
		};
		3719C4431DF1D74F000D80F6 /* LaunchScreen.storyboard */ = {
			isa = PBXVariantGroup;
			children = (
				3719C4441DF1D74F000D80F6 /* Base */,
			);
			name = LaunchScreen.storyboard;
			sourceTree = "<group>";
		};
		378623701DF1D0850013C797 /* LaunchScreen.storyboard */ = {
			isa = PBXVariantGroup;
			children = (
				378623711DF1D0850013C797 /* Base */,
			);
			name = LaunchScreen.storyboard;
			sourceTree = "<group>";
		};
/* End PBXVariantGroup section */

/* Begin XCBuildConfiguration section */
		3719C41D1DF1D5DD000D80F6 /* Debug */ = {
			isa = XCBuildConfiguration;
			buildSettings = {
				ALWAYS_SEARCH_USER_PATHS = NO;
				ASSETCATALOG_COMPILER_APPICON_NAME = AppIcon;
				CLANG_ANALYZER_NONNULL = YES;
				CLANG_CXX_LANGUAGE_STANDARD = "gnu++0x";
				CLANG_CXX_LIBRARY = "libc++";
				CLANG_ENABLE_MODULES = YES;
				CLANG_ENABLE_OBJC_ARC = YES;
				CLANG_WARN_BOOL_CONVERSION = YES;
				CLANG_WARN_CONSTANT_CONVERSION = YES;
				CLANG_WARN_DIRECT_OBJC_ISA_USAGE = YES_ERROR;
				CLANG_WARN_DOCUMENTATION_COMMENTS = YES;
				CLANG_WARN_EMPTY_BODY = YES;
				CLANG_WARN_ENUM_CONVERSION = YES;
				CLANG_WARN_INFINITE_RECURSION = YES;
				CLANG_WARN_INT_CONVERSION = YES;
				CLANG_WARN_OBJC_ROOT_CLASS = YES_ERROR;
				CLANG_WARN_SUSPICIOUS_MOVES = YES;
				CLANG_WARN_UNREACHABLE_CODE = YES;
				CLANG_WARN__DUPLICATE_METHOD_MATCH = YES;
				"CODE_SIGN_IDENTITY[sdk=iphoneos*]" = "iPhone Developer";
				COPY_PHASE_STRIP = NO;
				DEBUG_INFORMATION_FORMAT = dwarf;
				DEVELOPMENT_TEAM = FBUU23VBFN;
				ENABLE_STRICT_OBJC_MSGSEND = YES;
				ENABLE_TESTABILITY = YES;
				FRAMEWORK_SEARCH_PATHS = (
					"$(inherited)",
					"$(PROJECT_DIR)",
				);
				GCC_C_LANGUAGE_STANDARD = gnu99;
				GCC_DYNAMIC_NO_PIC = NO;
				GCC_NO_COMMON_BLOCKS = YES;
				GCC_OPTIMIZATION_LEVEL = 0;
				GCC_PREPROCESSOR_DEFINITIONS = (
					"DEBUG=1",
					"$(inherited)",
				);
				GCC_WARN_64_TO_32_BIT_CONVERSION = YES;
				GCC_WARN_ABOUT_RETURN_TYPE = YES_ERROR;
				GCC_WARN_UNDECLARED_SELECTOR = YES;
				GCC_WARN_UNINITIALIZED_AUTOS = YES_AGGRESSIVE;
				GCC_WARN_UNUSED_FUNCTION = YES;
				GCC_WARN_UNUSED_VARIABLE = YES;
				INFOPLIST_FILE = HTTPRPCDemo/Info.plist;
				IPHONEOS_DEPLOYMENT_TARGET = 8.4;
				LD_RUNPATH_SEARCH_PATHS = "$(inherited) @executable_path/Frameworks";
				MTL_ENABLE_DEBUG_INFO = YES;
				ONLY_ACTIVE_ARCH = YES;
				PRODUCT_BUNDLE_IDENTIFIER = org.httprpc.HTTPRPCDemo;
				PRODUCT_NAME = "$(TARGET_NAME)";
				SDKROOT = iphoneos;
				SWIFT_ACTIVE_COMPILATION_CONDITIONS = DEBUG;
				SWIFT_OPTIMIZATION_LEVEL = "-Onone";
				SWIFT_VERSION = 3.0;
				TARGETED_DEVICE_FAMILY = "1,2";
			};
			name = Debug;
		};
		3719C41E1DF1D5DD000D80F6 /* Release */ = {
			isa = XCBuildConfiguration;
			buildSettings = {
				ALWAYS_SEARCH_USER_PATHS = NO;
				ASSETCATALOG_COMPILER_APPICON_NAME = AppIcon;
				CLANG_ANALYZER_NONNULL = YES;
				CLANG_CXX_LANGUAGE_STANDARD = "gnu++0x";
				CLANG_CXX_LIBRARY = "libc++";
				CLANG_ENABLE_MODULES = YES;
				CLANG_ENABLE_OBJC_ARC = YES;
				CLANG_WARN_BOOL_CONVERSION = YES;
				CLANG_WARN_CONSTANT_CONVERSION = YES;
				CLANG_WARN_DIRECT_OBJC_ISA_USAGE = YES_ERROR;
				CLANG_WARN_DOCUMENTATION_COMMENTS = YES;
				CLANG_WARN_EMPTY_BODY = YES;
				CLANG_WARN_ENUM_CONVERSION = YES;
				CLANG_WARN_INFINITE_RECURSION = YES;
				CLANG_WARN_INT_CONVERSION = YES;
				CLANG_WARN_OBJC_ROOT_CLASS = YES_ERROR;
				CLANG_WARN_SUSPICIOUS_MOVES = YES;
				CLANG_WARN_UNREACHABLE_CODE = YES;
				CLANG_WARN__DUPLICATE_METHOD_MATCH = YES;
				"CODE_SIGN_IDENTITY[sdk=iphoneos*]" = "iPhone Developer";
				COPY_PHASE_STRIP = NO;
				DEBUG_INFORMATION_FORMAT = "dwarf-with-dsym";
				DEVELOPMENT_TEAM = FBUU23VBFN;
				ENABLE_NS_ASSERTIONS = NO;
				ENABLE_STRICT_OBJC_MSGSEND = YES;
				FRAMEWORK_SEARCH_PATHS = (
					"$(inherited)",
					"$(PROJECT_DIR)",
				);
				GCC_C_LANGUAGE_STANDARD = gnu99;
				GCC_NO_COMMON_BLOCKS = YES;
				GCC_WARN_64_TO_32_BIT_CONVERSION = YES;
				GCC_WARN_ABOUT_RETURN_TYPE = YES_ERROR;
				GCC_WARN_UNDECLARED_SELECTOR = YES;
				GCC_WARN_UNINITIALIZED_AUTOS = YES_AGGRESSIVE;
				GCC_WARN_UNUSED_FUNCTION = YES;
				GCC_WARN_UNUSED_VARIABLE = YES;
				INFOPLIST_FILE = HTTPRPCDemo/Info.plist;
				IPHONEOS_DEPLOYMENT_TARGET = 8.4;
				LD_RUNPATH_SEARCH_PATHS = "$(inherited) @executable_path/Frameworks";
				MTL_ENABLE_DEBUG_INFO = NO;
				PRODUCT_BUNDLE_IDENTIFIER = org.httprpc.HTTPRPCDemo;
				PRODUCT_NAME = "$(TARGET_NAME)";
				SDKROOT = iphoneos;
				SWIFT_OPTIMIZATION_LEVEL = "-Owholemodule";
				SWIFT_VERSION = 3.0;
				TARGETED_DEVICE_FAMILY = "1,2";
				VALIDATE_PRODUCT = YES;
			};
			name = Release;
		};
		3719C4481DF1D74F000D80F6 /* Debug */ = {
			isa = XCBuildConfiguration;
			buildSettings = {
				ALWAYS_SEARCH_USER_PATHS = NO;
				ASSETCATALOG_COMPILER_APPICON_NAME = AppIcon;
				CLANG_ANALYZER_NONNULL = YES;
				CLANG_CXX_LANGUAGE_STANDARD = "gnu++0x";
				CLANG_CXX_LIBRARY = "libc++";
				CLANG_ENABLE_MODULES = YES;
				CLANG_ENABLE_OBJC_ARC = YES;
				CLANG_WARN_BOOL_CONVERSION = YES;
				CLANG_WARN_CONSTANT_CONVERSION = YES;
				CLANG_WARN_DIRECT_OBJC_ISA_USAGE = YES_ERROR;
				CLANG_WARN_DOCUMENTATION_COMMENTS = YES;
				CLANG_WARN_EMPTY_BODY = YES;
				CLANG_WARN_ENUM_CONVERSION = YES;
				CLANG_WARN_INFINITE_RECURSION = YES;
				CLANG_WARN_INT_CONVERSION = YES;
				CLANG_WARN_OBJC_ROOT_CLASS = YES_ERROR;
				CLANG_WARN_SUSPICIOUS_MOVES = YES;
				CLANG_WARN_UNREACHABLE_CODE = YES;
				CLANG_WARN__DUPLICATE_METHOD_MATCH = YES;
				"CODE_SIGN_IDENTITY[sdk=iphoneos*]" = "iPhone Developer";
				COPY_PHASE_STRIP = NO;
				DEBUG_INFORMATION_FORMAT = dwarf;
				DEVELOPMENT_TEAM = FBUU23VBFN;
				ENABLE_STRICT_OBJC_MSGSEND = YES;
				ENABLE_TESTABILITY = YES;
				FRAMEWORK_SEARCH_PATHS = (
					"$(inherited)",
					"$(PROJECT_DIR)",
				);
				GCC_C_LANGUAGE_STANDARD = gnu99;
				GCC_DYNAMIC_NO_PIC = NO;
				GCC_NO_COMMON_BLOCKS = YES;
				GCC_OPTIMIZATION_LEVEL = 0;
				GCC_PREPROCESSOR_DEFINITIONS = (
					"DEBUG=1",
					"$(inherited)",
				);
				GCC_WARN_64_TO_32_BIT_CONVERSION = YES;
				GCC_WARN_ABOUT_RETURN_TYPE = YES_ERROR;
				GCC_WARN_UNDECLARED_SELECTOR = YES;
				GCC_WARN_UNINITIALIZED_AUTOS = YES_AGGRESSIVE;
				GCC_WARN_UNUSED_FUNCTION = YES;
				GCC_WARN_UNUSED_VARIABLE = YES;
				INFOPLIST_FILE = HTTPRPCExample/Info.plist;
				IPHONEOS_DEPLOYMENT_TARGET = 8.4;
				LD_RUNPATH_SEARCH_PATHS = "$(inherited) @executable_path/Frameworks";
				MTL_ENABLE_DEBUG_INFO = YES;
				ONLY_ACTIVE_ARCH = YES;
				PRODUCT_BUNDLE_IDENTIFIER = org.httprpc.HTTPRPCExample;
				PRODUCT_NAME = "$(TARGET_NAME)";
				SDKROOT = iphoneos;
				SWIFT_ACTIVE_COMPILATION_CONDITIONS = DEBUG;
				SWIFT_OPTIMIZATION_LEVEL = "-Onone";
				SWIFT_VERSION = 3.0;
				TARGETED_DEVICE_FAMILY = "1,2";
			};
			name = Debug;
		};
		3719C4491DF1D74F000D80F6 /* Release */ = {
			isa = XCBuildConfiguration;
			buildSettings = {
				ALWAYS_SEARCH_USER_PATHS = NO;
				ASSETCATALOG_COMPILER_APPICON_NAME = AppIcon;
				CLANG_ANALYZER_NONNULL = YES;
				CLANG_CXX_LANGUAGE_STANDARD = "gnu++0x";
				CLANG_CXX_LIBRARY = "libc++";
				CLANG_ENABLE_MODULES = YES;
				CLANG_ENABLE_OBJC_ARC = YES;
				CLANG_WARN_BOOL_CONVERSION = YES;
				CLANG_WARN_CONSTANT_CONVERSION = YES;
				CLANG_WARN_DIRECT_OBJC_ISA_USAGE = YES_ERROR;
				CLANG_WARN_DOCUMENTATION_COMMENTS = YES;
				CLANG_WARN_EMPTY_BODY = YES;
				CLANG_WARN_ENUM_CONVERSION = YES;
				CLANG_WARN_INFINITE_RECURSION = YES;
				CLANG_WARN_INT_CONVERSION = YES;
				CLANG_WARN_OBJC_ROOT_CLASS = YES_ERROR;
				CLANG_WARN_SUSPICIOUS_MOVES = YES;
				CLANG_WARN_UNREACHABLE_CODE = YES;
				CLANG_WARN__DUPLICATE_METHOD_MATCH = YES;
				"CODE_SIGN_IDENTITY[sdk=iphoneos*]" = "iPhone Developer";
				COPY_PHASE_STRIP = NO;
				DEBUG_INFORMATION_FORMAT = "dwarf-with-dsym";
				DEVELOPMENT_TEAM = FBUU23VBFN;
				ENABLE_NS_ASSERTIONS = NO;
				ENABLE_STRICT_OBJC_MSGSEND = YES;
				FRAMEWORK_SEARCH_PATHS = (
					"$(inherited)",
					"$(PROJECT_DIR)",
				);
				GCC_C_LANGUAGE_STANDARD = gnu99;
				GCC_NO_COMMON_BLOCKS = YES;
				GCC_WARN_64_TO_32_BIT_CONVERSION = YES;
				GCC_WARN_ABOUT_RETURN_TYPE = YES_ERROR;
				GCC_WARN_UNDECLARED_SELECTOR = YES;
				GCC_WARN_UNINITIALIZED_AUTOS = YES_AGGRESSIVE;
				GCC_WARN_UNUSED_FUNCTION = YES;
				GCC_WARN_UNUSED_VARIABLE = YES;
				INFOPLIST_FILE = HTTPRPCExample/Info.plist;
				IPHONEOS_DEPLOYMENT_TARGET = 8.4;
				LD_RUNPATH_SEARCH_PATHS = "$(inherited) @executable_path/Frameworks";
				MTL_ENABLE_DEBUG_INFO = NO;
				PRODUCT_BUNDLE_IDENTIFIER = org.httprpc.HTTPRPCExample;
				PRODUCT_NAME = "$(TARGET_NAME)";
				SDKROOT = iphoneos;
				SWIFT_OPTIMIZATION_LEVEL = "-Owholemodule";
				SWIFT_VERSION = 3.0;
				TARGETED_DEVICE_FAMILY = "1,2";
				VALIDATE_PRODUCT = YES;
			};
			name = Release;
		};
		378623301DF1CD100013C797 /* Debug */ = {
			isa = XCBuildConfiguration;
			buildSettings = {
			};
			name = Debug;
		};
		378623311DF1CD100013C797 /* Release */ = {
			isa = XCBuildConfiguration;
			buildSettings = {
			};
			name = Release;
		};
		378623451DF1CE3B0013C797 /* Debug */ = {
			isa = XCBuildConfiguration;
			buildSettings = {
				ALWAYS_SEARCH_USER_PATHS = NO;
				CLANG_ANALYZER_NONNULL = YES;
				CLANG_CXX_LANGUAGE_STANDARD = "gnu++0x";
				CLANG_CXX_LIBRARY = "libc++";
				CLANG_ENABLE_MODULES = YES;
				CLANG_ENABLE_OBJC_ARC = YES;
				CLANG_WARN_BOOL_CONVERSION = YES;
				CLANG_WARN_CONSTANT_CONVERSION = YES;
				CLANG_WARN_DIRECT_OBJC_ISA_USAGE = YES_ERROR;
				CLANG_WARN_DOCUMENTATION_COMMENTS = YES;
				CLANG_WARN_EMPTY_BODY = YES;
				CLANG_WARN_ENUM_CONVERSION = YES;
				CLANG_WARN_INFINITE_RECURSION = YES;
				CLANG_WARN_INT_CONVERSION = YES;
				CLANG_WARN_OBJC_ROOT_CLASS = YES_ERROR;
				CLANG_WARN_SUSPICIOUS_MOVES = YES;
				CLANG_WARN_UNREACHABLE_CODE = YES;
				CLANG_WARN__DUPLICATE_METHOD_MATCH = YES;
				CODE_SIGN_IDENTITY = "";
				"CODE_SIGN_IDENTITY[sdk=iphoneos*]" = "iPhone Developer";
				COPY_PHASE_STRIP = NO;
				CURRENT_PROJECT_VERSION = 1;
				DEBUG_INFORMATION_FORMAT = dwarf;
				DEFINES_MODULE = YES;
				DEVELOPMENT_TEAM = FBUU23VBFN;
				DYLIB_COMPATIBILITY_VERSION = 1;
				DYLIB_CURRENT_VERSION = 1;
				DYLIB_INSTALL_NAME_BASE = "@rpath";
				ENABLE_STRICT_OBJC_MSGSEND = YES;
				ENABLE_TESTABILITY = YES;
				GCC_C_LANGUAGE_STANDARD = gnu99;
				GCC_DYNAMIC_NO_PIC = NO;
				GCC_NO_COMMON_BLOCKS = YES;
				GCC_OPTIMIZATION_LEVEL = 0;
				GCC_PREPROCESSOR_DEFINITIONS = (
					"DEBUG=1",
					"$(inherited)",
				);
				GCC_WARN_64_TO_32_BIT_CONVERSION = YES;
				GCC_WARN_ABOUT_RETURN_TYPE = YES_ERROR;
				GCC_WARN_UNDECLARED_SELECTOR = YES;
				GCC_WARN_UNINITIALIZED_AUTOS = YES_AGGRESSIVE;
				GCC_WARN_UNUSED_FUNCTION = YES;
				GCC_WARN_UNUSED_VARIABLE = YES;
				INFOPLIST_FILE = HTTPRPC/Info.plist;
				INSTALL_PATH = "$(LOCAL_LIBRARY_DIR)/Frameworks";
				IPHONEOS_DEPLOYMENT_TARGET = 8.0;
				LD_RUNPATH_SEARCH_PATHS = "$(inherited) @executable_path/Frameworks @loader_path/Frameworks";
				MTL_ENABLE_DEBUG_INFO = YES;
				ONLY_ACTIVE_ARCH = YES;
				PRODUCT_BUNDLE_IDENTIFIER = org.httprpc.HTTPRPC;
				PRODUCT_NAME = "$(TARGET_NAME)";
				SDKROOT = iphoneos;
				SKIP_INSTALL = YES;
				TARGETED_DEVICE_FAMILY = "1,2";
				VERSIONING_SYSTEM = "apple-generic";
				VERSION_INFO_PREFIX = "";
			};
			name = Debug;
		};
		378623461DF1CE3B0013C797 /* Release */ = {
			isa = XCBuildConfiguration;
			buildSettings = {
				ALWAYS_SEARCH_USER_PATHS = NO;
				CLANG_ANALYZER_NONNULL = YES;
				CLANG_CXX_LANGUAGE_STANDARD = "gnu++0x";
				CLANG_CXX_LIBRARY = "libc++";
				CLANG_ENABLE_MODULES = YES;
				CLANG_ENABLE_OBJC_ARC = YES;
				CLANG_WARN_BOOL_CONVERSION = YES;
				CLANG_WARN_CONSTANT_CONVERSION = YES;
				CLANG_WARN_DIRECT_OBJC_ISA_USAGE = YES_ERROR;
				CLANG_WARN_DOCUMENTATION_COMMENTS = YES;
				CLANG_WARN_EMPTY_BODY = YES;
				CLANG_WARN_ENUM_CONVERSION = YES;
				CLANG_WARN_INFINITE_RECURSION = YES;
				CLANG_WARN_INT_CONVERSION = YES;
				CLANG_WARN_OBJC_ROOT_CLASS = YES_ERROR;
				CLANG_WARN_SUSPICIOUS_MOVES = YES;
				CLANG_WARN_UNREACHABLE_CODE = YES;
				CLANG_WARN__DUPLICATE_METHOD_MATCH = YES;
				CODE_SIGN_IDENTITY = "";
				"CODE_SIGN_IDENTITY[sdk=iphoneos*]" = "iPhone Developer";
				COPY_PHASE_STRIP = NO;
				CURRENT_PROJECT_VERSION = 1;
				DEBUG_INFORMATION_FORMAT = "dwarf-with-dsym";
				DEFINES_MODULE = YES;
				DEVELOPMENT_TEAM = FBUU23VBFN;
				DYLIB_COMPATIBILITY_VERSION = 1;
				DYLIB_CURRENT_VERSION = 1;
				DYLIB_INSTALL_NAME_BASE = "@rpath";
				ENABLE_NS_ASSERTIONS = NO;
				ENABLE_STRICT_OBJC_MSGSEND = YES;
				GCC_C_LANGUAGE_STANDARD = gnu99;
				GCC_NO_COMMON_BLOCKS = YES;
				GCC_WARN_64_TO_32_BIT_CONVERSION = YES;
				GCC_WARN_ABOUT_RETURN_TYPE = YES_ERROR;
				GCC_WARN_UNDECLARED_SELECTOR = YES;
				GCC_WARN_UNINITIALIZED_AUTOS = YES_AGGRESSIVE;
				GCC_WARN_UNUSED_FUNCTION = YES;
				GCC_WARN_UNUSED_VARIABLE = YES;
				INFOPLIST_FILE = HTTPRPC/Info.plist;
				INSTALL_PATH = "$(LOCAL_LIBRARY_DIR)/Frameworks";
				IPHONEOS_DEPLOYMENT_TARGET = 8.0;
				LD_RUNPATH_SEARCH_PATHS = "$(inherited) @executable_path/Frameworks @loader_path/Frameworks";
				MTL_ENABLE_DEBUG_INFO = NO;
				PRODUCT_BUNDLE_IDENTIFIER = org.httprpc.HTTPRPC;
				PRODUCT_NAME = "$(TARGET_NAME)";
				SDKROOT = iphoneos;
				SKIP_INSTALL = YES;
				TARGETED_DEVICE_FAMILY = "1,2";
				VALIDATE_PRODUCT = YES;
				VERSIONING_SYSTEM = "apple-generic";
				VERSION_INFO_PREFIX = "";
			};
			name = Release;
		};
		378623751DF1D0850013C797 /* Debug */ = {
			isa = XCBuildConfiguration;
			buildSettings = {
				ALWAYS_SEARCH_USER_PATHS = NO;
				ASSETCATALOG_COMPILER_APPICON_NAME = AppIcon;
				CLANG_ANALYZER_NONNULL = YES;
				CLANG_CXX_LANGUAGE_STANDARD = "gnu++0x";
				CLANG_CXX_LIBRARY = "libc++";
				CLANG_ENABLE_MODULES = YES;
				CLANG_ENABLE_OBJC_ARC = YES;
				CLANG_WARN_BOOL_CONVERSION = YES;
				CLANG_WARN_CONSTANT_CONVERSION = YES;
				CLANG_WARN_DIRECT_OBJC_ISA_USAGE = YES_ERROR;
				CLANG_WARN_DOCUMENTATION_COMMENTS = YES;
				CLANG_WARN_EMPTY_BODY = YES;
				CLANG_WARN_ENUM_CONVERSION = YES;
				CLANG_WARN_INFINITE_RECURSION = YES;
				CLANG_WARN_INT_CONVERSION = YES;
				CLANG_WARN_OBJC_ROOT_CLASS = YES_ERROR;
				CLANG_WARN_SUSPICIOUS_MOVES = YES;
				CLANG_WARN_UNREACHABLE_CODE = YES;
				CLANG_WARN__DUPLICATE_METHOD_MATCH = YES;
				"CODE_SIGN_IDENTITY[sdk=iphoneos*]" = "iPhone Developer";
				COPY_PHASE_STRIP = NO;
				DEBUG_INFORMATION_FORMAT = dwarf;
				DEVELOPMENT_TEAM = FBUU23VBFN;
				ENABLE_STRICT_OBJC_MSGSEND = YES;
				ENABLE_TESTABILITY = YES;
				FRAMEWORK_SEARCH_PATHS = (
					"$(inherited)",
					"$(PROJECT_DIR)",
				);
				GCC_C_LANGUAGE_STANDARD = gnu99;
				GCC_DYNAMIC_NO_PIC = NO;
				GCC_NO_COMMON_BLOCKS = YES;
				GCC_OPTIMIZATION_LEVEL = 0;
				GCC_PREPROCESSOR_DEFINITIONS = (
					"DEBUG=1",
					"$(inherited)",
				);
				GCC_WARN_64_TO_32_BIT_CONVERSION = YES;
				GCC_WARN_ABOUT_RETURN_TYPE = YES_ERROR;
				GCC_WARN_UNDECLARED_SELECTOR = YES;
				GCC_WARN_UNINITIALIZED_AUTOS = YES_AGGRESSIVE;
				GCC_WARN_UNUSED_FUNCTION = YES;
				GCC_WARN_UNUSED_VARIABLE = YES;
				INFOPLIST_FILE = HTTPRPCTest/Info.plist;
				IPHONEOS_DEPLOYMENT_TARGET = 8.4;
				LD_RUNPATH_SEARCH_PATHS = "$(inherited) @executable_path/Frameworks";
				MTL_ENABLE_DEBUG_INFO = YES;
				ONLY_ACTIVE_ARCH = YES;
				PRODUCT_BUNDLE_IDENTIFIER = org.httprpc.HTTPRPCTest;
				PRODUCT_NAME = "$(TARGET_NAME)";
				SDKROOT = iphoneos;
				SWIFT_ACTIVE_COMPILATION_CONDITIONS = DEBUG;
				SWIFT_OPTIMIZATION_LEVEL = "-Onone";
				SWIFT_VERSION = 3.0;
				TARGETED_DEVICE_FAMILY = "1,2";
			};
			name = Debug;
		};
		378623761DF1D0850013C797 /* Release */ = {
			isa = XCBuildConfiguration;
			buildSettings = {
				ALWAYS_SEARCH_USER_PATHS = NO;
				ASSETCATALOG_COMPILER_APPICON_NAME = AppIcon;
				CLANG_ANALYZER_NONNULL = YES;
				CLANG_CXX_LANGUAGE_STANDARD = "gnu++0x";
				CLANG_CXX_LIBRARY = "libc++";
				CLANG_ENABLE_MODULES = YES;
				CLANG_ENABLE_OBJC_ARC = YES;
				CLANG_WARN_BOOL_CONVERSION = YES;
				CLANG_WARN_CONSTANT_CONVERSION = YES;
				CLANG_WARN_DIRECT_OBJC_ISA_USAGE = YES_ERROR;
				CLANG_WARN_DOCUMENTATION_COMMENTS = YES;
				CLANG_WARN_EMPTY_BODY = YES;
				CLANG_WARN_ENUM_CONVERSION = YES;
				CLANG_WARN_INFINITE_RECURSION = YES;
				CLANG_WARN_INT_CONVERSION = YES;
				CLANG_WARN_OBJC_ROOT_CLASS = YES_ERROR;
				CLANG_WARN_SUSPICIOUS_MOVES = YES;
				CLANG_WARN_UNREACHABLE_CODE = YES;
				CLANG_WARN__DUPLICATE_METHOD_MATCH = YES;
				"CODE_SIGN_IDENTITY[sdk=iphoneos*]" = "iPhone Developer";
				COPY_PHASE_STRIP = NO;
				DEBUG_INFORMATION_FORMAT = "dwarf-with-dsym";
				DEVELOPMENT_TEAM = FBUU23VBFN;
				ENABLE_NS_ASSERTIONS = NO;
				ENABLE_STRICT_OBJC_MSGSEND = YES;
				FRAMEWORK_SEARCH_PATHS = (
					"$(inherited)",
					"$(PROJECT_DIR)",
				);
				GCC_C_LANGUAGE_STANDARD = gnu99;
				GCC_NO_COMMON_BLOCKS = YES;
				GCC_WARN_64_TO_32_BIT_CONVERSION = YES;
				GCC_WARN_ABOUT_RETURN_TYPE = YES_ERROR;
				GCC_WARN_UNDECLARED_SELECTOR = YES;
				GCC_WARN_UNINITIALIZED_AUTOS = YES_AGGRESSIVE;
				GCC_WARN_UNUSED_FUNCTION = YES;
				GCC_WARN_UNUSED_VARIABLE = YES;
				INFOPLIST_FILE = HTTPRPCTest/Info.plist;
				IPHONEOS_DEPLOYMENT_TARGET = 8.4;
				LD_RUNPATH_SEARCH_PATHS = "$(inherited) @executable_path/Frameworks";
				MTL_ENABLE_DEBUG_INFO = NO;
				PRODUCT_BUNDLE_IDENTIFIER = org.httprpc.HTTPRPCTest;
				PRODUCT_NAME = "$(TARGET_NAME)";
				SDKROOT = iphoneos;
				SWIFT_OPTIMIZATION_LEVEL = "-Owholemodule";
				SWIFT_VERSION = 3.0;
				TARGETED_DEVICE_FAMILY = "1,2";
				VALIDATE_PRODUCT = YES;
			};
			name = Release;
		};
/* End XCBuildConfiguration section */

/* Begin XCConfigurationList section */
		3719C41F1DF1D5DD000D80F6 /* Build configuration list for PBXNativeTarget "HTTPRPCDemo" */ = {
			isa = XCConfigurationList;
			buildConfigurations = (
				3719C41D1DF1D5DD000D80F6 /* Debug */,
				3719C41E1DF1D5DD000D80F6 /* Release */,
			);
			defaultConfigurationIsVisible = 0;
			defaultConfigurationName = Release;
		};
		3719C4471DF1D74F000D80F6 /* Build configuration list for PBXNativeTarget "HTTPRPCExample" */ = {
			isa = XCConfigurationList;
			buildConfigurations = (
				3719C4481DF1D74F000D80F6 /* Debug */,
				3719C4491DF1D74F000D80F6 /* Release */,
			);
			defaultConfigurationIsVisible = 0;
			defaultConfigurationName = Release;
		};
		3786232F1DF1CD100013C797 /* Build configuration list for PBXProject "HTTPRPC-iOS" */ = {
			isa = XCConfigurationList;
			buildConfigurations = (
				378623301DF1CD100013C797 /* Debug */,
				378623311DF1CD100013C797 /* Release */,
			);
			defaultConfigurationIsVisible = 0;
			defaultConfigurationName = Release;
		};
		378623441DF1CE3B0013C797 /* Build configuration list for PBXNativeTarget "HTTPRPC" */ = {
			isa = XCConfigurationList;
			buildConfigurations = (
				378623451DF1CE3B0013C797 /* Debug */,
				378623461DF1CE3B0013C797 /* Release */,
			);
			defaultConfigurationIsVisible = 0;
			defaultConfigurationName = Release;
		};
		378623741DF1D0850013C797 /* Build configuration list for PBXNativeTarget "HTTPRPCTest" */ = {
			isa = XCConfigurationList;
			buildConfigurations = (
				378623751DF1D0850013C797 /* Debug */,
				378623761DF1D0850013C797 /* Release */,
			);
			defaultConfigurationIsVisible = 0;
			defaultConfigurationName = Release;
		};
/* End XCConfigurationList section */
	};
	rootObject = 3786232C1DF1CD100013C797 /* Project object */;
}
