// !$*UTF8*$!
{
	archiveVersion = 1;
	classes = {
	};
	objectVersion = 46;
	objects = {

/* Begin PBXBuildFile section */
		371C21631CB449BA000CF22B /* MarkupKit.framework in Frameworks */ = {isa = PBXBuildFile; fileRef = 371C21621CB449BA000CF22B /* MarkupKit.framework */; };
		371C21641CB449BA000CF22B /* MarkupKit.framework in Embed Frameworks */ = {isa = PBXBuildFile; fileRef = 371C21621CB449BA000CF22B /* MarkupKit.framework */; settings = {ATTRIBUTES = (CodeSignOnCopy, RemoveHeadersOnCopy, ); }; };
		371C21661CB449D4000CF22B /* ViewController.xml in Resources */ = {isa = PBXBuildFile; fileRef = 371C21651CB449D4000CF22B /* ViewController.xml */; };
		3741BFDB1CB67E8800CCEA5F /* MarkupKit.framework in Frameworks */ = {isa = PBXBuildFile; fileRef = 371C21621CB449BA000CF22B /* MarkupKit.framework */; };
		3741BFDC1CB67E8800CCEA5F /* MarkupKit.framework in Embed Frameworks */ = {isa = PBXBuildFile; fileRef = 371C21621CB449BA000CF22B /* MarkupKit.framework */; settings = {ATTRIBUTES = (CodeSignOnCopy, RemoveHeadersOnCopy, ); }; };
		3741BFDE1CB67E8C00CCEA5F /* HTTPRPC.framework in Frameworks */ = {isa = PBXBuildFile; fileRef = 3798614C1BF009D60063212E /* HTTPRPC.framework */; };
		3741BFDF1CB67E8C00CCEA5F /* HTTPRPC.framework in Embed Frameworks */ = {isa = PBXBuildFile; fileRef = 3798614C1BF009D60063212E /* HTTPRPC.framework */; settings = {ATTRIBUTES = (CodeSignOnCopy, RemoveHeadersOnCopy, ); }; };
		375218E51BF00B6600ACFFD1 /* HTTPRPC.framework in Frameworks */ = {isa = PBXBuildFile; fileRef = 3798614C1BF009D60063212E /* HTTPRPC.framework */; };
		375218E61BF00B6600ACFFD1 /* HTTPRPC.framework in Embed Frameworks */ = {isa = PBXBuildFile; fileRef = 3798614C1BF009D60063212E /* HTTPRPC.framework */; settings = {ATTRIBUTES = (CodeSignOnCopy, RemoveHeadersOnCopy, ); }; };
		37543EE01CB67E1A00006F16 /* AppDelegate.swift in Sources */ = {isa = PBXBuildFile; fileRef = 37543EDF1CB67E1A00006F16 /* AppDelegate.swift */; };
		37543EE21CB67E1A00006F16 /* MainViewController.swift in Sources */ = {isa = PBXBuildFile; fileRef = 37543EE11CB67E1A00006F16 /* MainViewController.swift */; };
		37543EE71CB67E1A00006F16 /* Assets.xcassets in Resources */ = {isa = PBXBuildFile; fileRef = 37543EE61CB67E1A00006F16 /* Assets.xcassets */; };
		37543EEA1CB67E1A00006F16 /* LaunchScreen.storyboard in Resources */ = {isa = PBXBuildFile; fileRef = 37543EE81CB67E1A00006F16 /* LaunchScreen.storyboard */; };
		377A31801CB700D9002E314A /* AddNoteViewController.swift in Sources */ = {isa = PBXBuildFile; fileRef = 377A317F1CB700D9002E314A /* AddNoteViewController.swift */; };
		377A31821CB701BF002E314A /* AddNoteViewController.xml in Resources */ = {isa = PBXBuildFile; fileRef = 377A31811CB701BF002E314A /* AddNoteViewController.xml */; };
		377C99561DBBBEE60098DD38 /* AppDelegate.swift in Sources */ = {isa = PBXBuildFile; fileRef = 377C99551DBBBEE60098DD38 /* AppDelegate.swift */; };
		377C995D1DBBBEE60098DD38 /* Assets.xcassets in Resources */ = {isa = PBXBuildFile; fileRef = 377C995C1DBBBEE60098DD38 /* Assets.xcassets */; };
		377C99601DBBBEE60098DD38 /* LaunchScreen.storyboard in Resources */ = {isa = PBXBuildFile; fileRef = 377C995E1DBBBEE60098DD38 /* LaunchScreen.storyboard */; };
		377C99651DBBBF030098DD38 /* HTTPRPC.framework in Frameworks */ = {isa = PBXBuildFile; fileRef = 3798614C1BF009D60063212E /* HTTPRPC.framework */; };
		377C99661DBBBF030098DD38 /* HTTPRPC.framework in Embed Frameworks */ = {isa = PBXBuildFile; fileRef = 3798614C1BF009D60063212E /* HTTPRPC.framework */; settings = {ATTRIBUTES = (CodeSignOnCopy, RemoveHeadersOnCopy, ); }; };
		377C996A1DBBC0500098DD38 /* MarkupKit.framework in Frameworks */ = {isa = PBXBuildFile; fileRef = 371C21621CB449BA000CF22B /* MarkupKit.framework */; };
		377C996B1DBBC0500098DD38 /* MarkupKit.framework in Embed Frameworks */ = {isa = PBXBuildFile; fileRef = 371C21621CB449BA000CF22B /* MarkupKit.framework */; settings = {ATTRIBUTES = (CodeSignOnCopy, RemoveHeadersOnCopy, ); }; };
		377C99721DBBC0EA0098DD38 /* PostCell.swift in Sources */ = {isa = PBXBuildFile; fileRef = 377C996C1DBBC0EA0098DD38 /* PostCell.swift */; };
		377C99731DBBC0EA0098DD38 /* PostCell.xml in Resources */ = {isa = PBXBuildFile; fileRef = 377C996D1DBBC0EA0098DD38 /* PostCell.xml */; };
		377C99741DBBC0EA0098DD38 /* PostViewController.swift in Sources */ = {isa = PBXBuildFile; fileRef = 377C996E1DBBC0EA0098DD38 /* PostViewController.swift */; };
		377C99751DBBC0EA0098DD38 /* UserCell.swift in Sources */ = {isa = PBXBuildFile; fileRef = 377C996F1DBBC0EA0098DD38 /* UserCell.swift */; };
		377C99761DBBC0EA0098DD38 /* UserCell.xml in Resources */ = {isa = PBXBuildFile; fileRef = 377C99701DBBC0EA0098DD38 /* UserCell.xml */; };
		377C99771DBBC0EA0098DD38 /* UserViewController.swift in Sources */ = {isa = PBXBuildFile; fileRef = 377C99711DBBC0EA0098DD38 /* UserViewController.swift */; };
		379861501BF009D60063212E /* HTTPRPC.h in Headers */ = {isa = PBXBuildFile; fileRef = 3798614F1BF009D60063212E /* HTTPRPC.h */; settings = {ATTRIBUTES = (Public, ); }; };
		379861591BF00A0E0063212E /* WSWebServiceProxy.h in Headers */ = {isa = PBXBuildFile; fileRef = 379861571BF00A0E0063212E /* WSWebServiceProxy.h */; settings = {ATTRIBUTES = (Public, ); }; };
		3798615A1BF00A0E0063212E /* WSWebServiceProxy.m in Sources */ = {isa = PBXBuildFile; fileRef = 379861581BF00A0E0063212E /* WSWebServiceProxy.m */; };
		379861621BF00AB00063212E /* AppDelegate.swift in Sources */ = {isa = PBXBuildFile; fileRef = 379861611BF00AB00063212E /* AppDelegate.swift */; };
		379861641BF00AB00063212E /* ViewController.swift in Sources */ = {isa = PBXBuildFile; fileRef = 379861631BF00AB00063212E /* ViewController.swift */; };
		379861691BF00AB00063212E /* Assets.xcassets in Resources */ = {isa = PBXBuildFile; fileRef = 379861681BF00AB00063212E /* Assets.xcassets */; };
		3798616C1BF00AB00063212E /* LaunchScreen.storyboard in Resources */ = {isa = PBXBuildFile; fileRef = 3798616A1BF00AB00063212E /* LaunchScreen.storyboard */; };
		37B0AC071D1B57D20004A6B6 /* test.jpg in Resources */ = {isa = PBXBuildFile; fileRef = 37B0AC051D1B57D20004A6B6 /* test.jpg */; };
		37B0AC081D1B57D20004A6B6 /* test.txt in Resources */ = {isa = PBXBuildFile; fileRef = 37B0AC061D1B57D20004A6B6 /* test.txt */; };
		37DC1B5B1CB7DDAE0080F0DE /* Localizable.strings in Resources */ = {isa = PBXBuildFile; fileRef = 37DC1B5D1CB7DDAE0080F0DE /* Localizable.strings */; };
/* End PBXBuildFile section */

/* Begin PBXContainerItemProxy section */
		3741BFE01CB67E8C00CCEA5F /* PBXContainerItemProxy */ = {
			isa = PBXContainerItemProxy;
			containerPortal = 379861431BF009D60063212E /* Project object */;
			proxyType = 1;
			remoteGlobalIDString = 3798614B1BF009D60063212E;
			remoteInfo = HTTPRPC;
		};
		375218E71BF00B6600ACFFD1 /* PBXContainerItemProxy */ = {
			isa = PBXContainerItemProxy;
			containerPortal = 379861431BF009D60063212E /* Project object */;
			proxyType = 1;
			remoteGlobalIDString = 3798614B1BF009D60063212E;
			remoteInfo = HTTPRPC;
		};
		377C99671DBBBF030098DD38 /* PBXContainerItemProxy */ = {
			isa = PBXContainerItemProxy;
			containerPortal = 379861431BF009D60063212E /* Project object */;
			proxyType = 1;
			remoteGlobalIDString = 3798614B1BF009D60063212E;
			remoteInfo = HTTPRPC;
		};
/* End PBXContainerItemProxy section */

/* Begin PBXCopyFilesBuildPhase section */
		3741BFDD1CB67E8800CCEA5F /* Embed Frameworks */ = {
			isa = PBXCopyFilesBuildPhase;
			buildActionMask = 2147483647;
			dstPath = "";
			dstSubfolderSpec = 10;
			files = (
				3741BFDF1CB67E8C00CCEA5F /* HTTPRPC.framework in Embed Frameworks */,
				3741BFDC1CB67E8800CCEA5F /* MarkupKit.framework in Embed Frameworks */,
			);
			name = "Embed Frameworks";
			runOnlyForDeploymentPostprocessing = 0;
		};
		375218E91BF00B6600ACFFD1 /* Embed Frameworks */ = {
			isa = PBXCopyFilesBuildPhase;
			buildActionMask = 2147483647;
			dstPath = "";
			dstSubfolderSpec = 10;
			files = (
				375218E61BF00B6600ACFFD1 /* HTTPRPC.framework in Embed Frameworks */,
				371C21641CB449BA000CF22B /* MarkupKit.framework in Embed Frameworks */,
			);
			name = "Embed Frameworks";
			runOnlyForDeploymentPostprocessing = 0;
		};
		377C99691DBBBF030098DD38 /* Embed Frameworks */ = {
			isa = PBXCopyFilesBuildPhase;
			buildActionMask = 2147483647;
			dstPath = "";
			dstSubfolderSpec = 10;
			files = (
				377C99661DBBBF030098DD38 /* HTTPRPC.framework in Embed Frameworks */,
				377C996B1DBBC0500098DD38 /* MarkupKit.framework in Embed Frameworks */,
			);
			name = "Embed Frameworks";
			runOnlyForDeploymentPostprocessing = 0;
		};
/* End PBXCopyFilesBuildPhase section */

/* Begin PBXFileReference section */
		371C21621CB449BA000CF22B /* MarkupKit.framework */ = {isa = PBXFileReference; lastKnownFileType = wrapper.framework; path = MarkupKit.framework; sourceTree = "<group>"; };
		371C21651CB449D4000CF22B /* ViewController.xml */ = {isa = PBXFileReference; fileEncoding = 4; lastKnownFileType = text.xml; path = ViewController.xml; sourceTree = "<group>"; };
		37543EDD1CB67E1A00006F16 /* HTTPRPCDemo.app */ = {isa = PBXFileReference; explicitFileType = wrapper.application; includeInIndex = 0; path = HTTPRPCDemo.app; sourceTree = BUILT_PRODUCTS_DIR; };
		37543EDF1CB67E1A00006F16 /* AppDelegate.swift */ = {isa = PBXFileReference; lastKnownFileType = sourcecode.swift; path = AppDelegate.swift; sourceTree = "<group>"; };
		37543EE11CB67E1A00006F16 /* MainViewController.swift */ = {isa = PBXFileReference; lastKnownFileType = sourcecode.swift; path = MainViewController.swift; sourceTree = "<group>"; };
		37543EE61CB67E1A00006F16 /* Assets.xcassets */ = {isa = PBXFileReference; lastKnownFileType = folder.assetcatalog; path = Assets.xcassets; sourceTree = "<group>"; };
		37543EE91CB67E1A00006F16 /* Base */ = {isa = PBXFileReference; lastKnownFileType = file.storyboard; name = Base; path = Base.lproj/LaunchScreen.storyboard; sourceTree = "<group>"; };
		37543EEB1CB67E1A00006F16 /* Info.plist */ = {isa = PBXFileReference; lastKnownFileType = text.plist.xml; path = Info.plist; sourceTree = "<group>"; };
		377A317F1CB700D9002E314A /* AddNoteViewController.swift */ = {isa = PBXFileReference; fileEncoding = 4; lastKnownFileType = sourcecode.swift; path = AddNoteViewController.swift; sourceTree = "<group>"; };
		377A31811CB701BF002E314A /* AddNoteViewController.xml */ = {isa = PBXFileReference; fileEncoding = 4; lastKnownFileType = text.xml; path = AddNoteViewController.xml; sourceTree = "<group>"; };
		377C99531DBBBEE60098DD38 /* HTTPRPCExample.app */ = {isa = PBXFileReference; explicitFileType = wrapper.application; includeInIndex = 0; path = HTTPRPCExample.app; sourceTree = BUILT_PRODUCTS_DIR; };
		377C99551DBBBEE60098DD38 /* AppDelegate.swift */ = {isa = PBXFileReference; lastKnownFileType = sourcecode.swift; path = AppDelegate.swift; sourceTree = "<group>"; };
		377C995C1DBBBEE60098DD38 /* Assets.xcassets */ = {isa = PBXFileReference; lastKnownFileType = folder.assetcatalog; path = Assets.xcassets; sourceTree = "<group>"; };
		377C995F1DBBBEE60098DD38 /* Base */ = {isa = PBXFileReference; lastKnownFileType = file.storyboard; name = Base; path = Base.lproj/LaunchScreen.storyboard; sourceTree = "<group>"; };
		377C99611DBBBEE60098DD38 /* Info.plist */ = {isa = PBXFileReference; lastKnownFileType = text.plist.xml; path = Info.plist; sourceTree = "<group>"; };
		377C996C1DBBC0EA0098DD38 /* PostCell.swift */ = {isa = PBXFileReference; fileEncoding = 4; lastKnownFileType = sourcecode.swift; path = PostCell.swift; sourceTree = "<group>"; };
		377C996D1DBBC0EA0098DD38 /* PostCell.xml */ = {isa = PBXFileReference; fileEncoding = 4; lastKnownFileType = text.xml; path = PostCell.xml; sourceTree = "<group>"; };
		377C996E1DBBC0EA0098DD38 /* PostViewController.swift */ = {isa = PBXFileReference; fileEncoding = 4; lastKnownFileType = sourcecode.swift; path = PostViewController.swift; sourceTree = "<group>"; };
		377C996F1DBBC0EA0098DD38 /* UserCell.swift */ = {isa = PBXFileReference; fileEncoding = 4; lastKnownFileType = sourcecode.swift; path = UserCell.swift; sourceTree = "<group>"; };
		377C99701DBBC0EA0098DD38 /* UserCell.xml */ = {isa = PBXFileReference; fileEncoding = 4; lastKnownFileType = text.xml; path = UserCell.xml; sourceTree = "<group>"; };
		377C99711DBBC0EA0098DD38 /* UserViewController.swift */ = {isa = PBXFileReference; fileEncoding = 4; lastKnownFileType = sourcecode.swift; path = UserViewController.swift; sourceTree = "<group>"; };
		3798614C1BF009D60063212E /* HTTPRPC.framework */ = {isa = PBXFileReference; explicitFileType = wrapper.framework; includeInIndex = 0; path = HTTPRPC.framework; sourceTree = BUILT_PRODUCTS_DIR; };
		3798614F1BF009D60063212E /* HTTPRPC.h */ = {isa = PBXFileReference; lastKnownFileType = sourcecode.c.h; path = HTTPRPC.h; sourceTree = "<group>"; };
		379861511BF009D60063212E /* Info.plist */ = {isa = PBXFileReference; lastKnownFileType = text.plist.xml; path = Info.plist; sourceTree = "<group>"; };
		379861571BF00A0E0063212E /* WSWebServiceProxy.h */ = {isa = PBXFileReference; fileEncoding = 4; lastKnownFileType = sourcecode.c.h; path = WSWebServiceProxy.h; sourceTree = "<group>"; };
		379861581BF00A0E0063212E /* WSWebServiceProxy.m */ = {isa = PBXFileReference; fileEncoding = 4; lastKnownFileType = sourcecode.c.objc; path = WSWebServiceProxy.m; sourceTree = "<group>"; };
		3798615F1BF00AB00063212E /* HTTPRPCTest.app */ = {isa = PBXFileReference; explicitFileType = wrapper.application; includeInIndex = 0; path = HTTPRPCTest.app; sourceTree = BUILT_PRODUCTS_DIR; };
		379861611BF00AB00063212E /* AppDelegate.swift */ = {isa = PBXFileReference; lastKnownFileType = sourcecode.swift; path = AppDelegate.swift; sourceTree = "<group>"; };
		379861631BF00AB00063212E /* ViewController.swift */ = {isa = PBXFileReference; lastKnownFileType = sourcecode.swift; path = ViewController.swift; sourceTree = "<group>"; };
		379861681BF00AB00063212E /* Assets.xcassets */ = {isa = PBXFileReference; lastKnownFileType = folder.assetcatalog; path = Assets.xcassets; sourceTree = "<group>"; };
		3798616B1BF00AB00063212E /* Base */ = {isa = PBXFileReference; lastKnownFileType = file.storyboard; name = Base; path = Base.lproj/LaunchScreen.storyboard; sourceTree = "<group>"; };
		3798616D1BF00AB00063212E /* Info.plist */ = {isa = PBXFileReference; lastKnownFileType = text.plist.xml; path = Info.plist; sourceTree = "<group>"; };
		37B0AC051D1B57D20004A6B6 /* test.jpg */ = {isa = PBXFileReference; lastKnownFileType = image.jpeg; path = test.jpg; sourceTree = "<group>"; };
		37B0AC061D1B57D20004A6B6 /* test.txt */ = {isa = PBXFileReference; fileEncoding = 4; lastKnownFileType = text; path = test.txt; sourceTree = "<group>"; };
		37DC1B5C1CB7DDAE0080F0DE /* en */ = {isa = PBXFileReference; lastKnownFileType = text.plist.strings; name = en; path = en.lproj/Localizable.strings; sourceTree = "<group>"; };
/* End PBXFileReference section */

/* Begin PBXFrameworksBuildPhase section */
		37543EDA1CB67E1A00006F16 /* Frameworks */ = {
			isa = PBXFrameworksBuildPhase;
			buildActionMask = 2147483647;
			files = (
				3741BFDE1CB67E8C00CCEA5F /* HTTPRPC.framework in Frameworks */,
				3741BFDB1CB67E8800CCEA5F /* MarkupKit.framework in Frameworks */,
			);
			runOnlyForDeploymentPostprocessing = 0;
		};
		377C99501DBBBEE60098DD38 /* Frameworks */ = {
			isa = PBXFrameworksBuildPhase;
			buildActionMask = 2147483647;
			files = (
				377C99651DBBBF030098DD38 /* HTTPRPC.framework in Frameworks */,
				377C996A1DBBC0500098DD38 /* MarkupKit.framework in Frameworks */,
			);
			runOnlyForDeploymentPostprocessing = 0;
		};
		379861481BF009D60063212E /* Frameworks */ = {
			isa = PBXFrameworksBuildPhase;
			buildActionMask = 2147483647;
			files = (
			);
			runOnlyForDeploymentPostprocessing = 0;
		};
		3798615C1BF00AB00063212E /* Frameworks */ = {
			isa = PBXFrameworksBuildPhase;
			buildActionMask = 2147483647;
			files = (
				375218E51BF00B6600ACFFD1 /* HTTPRPC.framework in Frameworks */,
				371C21631CB449BA000CF22B /* MarkupKit.framework in Frameworks */,
			);
			runOnlyForDeploymentPostprocessing = 0;
		};
/* End PBXFrameworksBuildPhase section */

/* Begin PBXGroup section */
		37543EDE1CB67E1A00006F16 /* HTTPRPCDemo */ = {
			isa = PBXGroup;
			children = (
				37543EDF1CB67E1A00006F16 /* AppDelegate.swift */,
				37543EE11CB67E1A00006F16 /* MainViewController.swift */,
				377A317F1CB700D9002E314A /* AddNoteViewController.swift */,
				377A31811CB701BF002E314A /* AddNoteViewController.xml */,
				37543EE61CB67E1A00006F16 /* Assets.xcassets */,
				37543EE81CB67E1A00006F16 /* LaunchScreen.storyboard */,
				37543EEB1CB67E1A00006F16 /* Info.plist */,
				37DC1B5D1CB7DDAE0080F0DE /* Localizable.strings */,
			);
			path = HTTPRPCDemo;
			sourceTree = "<group>";
		};
		377C99541DBBBEE60098DD38 /* HTTPRPCExample */ = {
			isa = PBXGroup;
			children = (
				377C99551DBBBEE60098DD38 /* AppDelegate.swift */,
				377C99711DBBC0EA0098DD38 /* UserViewController.swift */,
				377C996F1DBBC0EA0098DD38 /* UserCell.swift */,
				377C99701DBBC0EA0098DD38 /* UserCell.xml */,
				377C996E1DBBC0EA0098DD38 /* PostViewController.swift */,
				377C996C1DBBC0EA0098DD38 /* PostCell.swift */,
				377C996D1DBBC0EA0098DD38 /* PostCell.xml */,
				377C995C1DBBBEE60098DD38 /* Assets.xcassets */,
				377C995E1DBBBEE60098DD38 /* LaunchScreen.storyboard */,
				377C99611DBBBEE60098DD38 /* Info.plist */,
			);
			path = HTTPRPCExample;
			sourceTree = "<group>";
		};
		379861421BF009D60063212E = {
			isa = PBXGroup;
			children = (
				371C21621CB449BA000CF22B /* MarkupKit.framework */,
				3798614E1BF009D60063212E /* HTTPRPC */,
				379861601BF00AB00063212E /* HTTPRPCTest */,
				37543EDE1CB67E1A00006F16 /* HTTPRPCDemo */,
				377C99541DBBBEE60098DD38 /* HTTPRPCExample */,
				3798614D1BF009D60063212E /* Products */,
			);
			sourceTree = "<group>";
		};
		3798614D1BF009D60063212E /* Products */ = {
			isa = PBXGroup;
			children = (
				3798614C1BF009D60063212E /* HTTPRPC.framework */,
				3798615F1BF00AB00063212E /* HTTPRPCTest.app */,
				37543EDD1CB67E1A00006F16 /* HTTPRPCDemo.app */,
				377C99531DBBBEE60098DD38 /* HTTPRPCExample.app */,
			);
			name = Products;
			sourceTree = "<group>";
		};
		3798614E1BF009D60063212E /* HTTPRPC */ = {
			isa = PBXGroup;
			children = (
				3798614F1BF009D60063212E /* HTTPRPC.h */,
				379861571BF00A0E0063212E /* WSWebServiceProxy.h */,
				379861581BF00A0E0063212E /* WSWebServiceProxy.m */,
				379861511BF009D60063212E /* Info.plist */,
			);
			path = HTTPRPC;
			sourceTree = "<group>";
		};
		379861601BF00AB00063212E /* HTTPRPCTest */ = {
			isa = PBXGroup;
			children = (
				379861611BF00AB00063212E /* AppDelegate.swift */,
				379861631BF00AB00063212E /* ViewController.swift */,
				371C21651CB449D4000CF22B /* ViewController.xml */,
				379861681BF00AB00063212E /* Assets.xcassets */,
				3798616A1BF00AB00063212E /* LaunchScreen.storyboard */,
				3798616D1BF00AB00063212E /* Info.plist */,
				37B0AC051D1B57D20004A6B6 /* test.jpg */,
				37B0AC061D1B57D20004A6B6 /* test.txt */,
			);
			path = HTTPRPCTest;
			sourceTree = "<group>";
		};
/* End PBXGroup section */

/* Begin PBXHeadersBuildPhase section */
		379861491BF009D60063212E /* Headers */ = {
			isa = PBXHeadersBuildPhase;
			buildActionMask = 2147483647;
			files = (
				379861591BF00A0E0063212E /* WSWebServiceProxy.h in Headers */,
				379861501BF009D60063212E /* HTTPRPC.h in Headers */,
			);
			runOnlyForDeploymentPostprocessing = 0;
		};
/* End PBXHeadersBuildPhase section */

/* Begin PBXNativeTarget section */
		37543EDC1CB67E1A00006F16 /* HTTPRPCDemo */ = {
			isa = PBXNativeTarget;
			buildConfigurationList = 37543EEE1CB67E1A00006F16 /* Build configuration list for PBXNativeTarget "HTTPRPCDemo" */;
			buildPhases = (
				37543ED91CB67E1A00006F16 /* Sources */,
				37543EDA1CB67E1A00006F16 /* Frameworks */,
				37543EDB1CB67E1A00006F16 /* Resources */,
				3741BFDD1CB67E8800CCEA5F /* Embed Frameworks */,
			);
			buildRules = (
			);
			dependencies = (
				3741BFE11CB67E8C00CCEA5F /* PBXTargetDependency */,
			);
			name = HTTPRPCDemo;
			productName = HTTPRPCDemo;
			productReference = 37543EDD1CB67E1A00006F16 /* HTTPRPCDemo.app */;
			productType = "com.apple.product-type.application";
		};
		377C99521DBBBEE60098DD38 /* HTTPRPCExample */ = {
			isa = PBXNativeTarget;
			buildConfigurationList = 377C99641DBBBEE60098DD38 /* Build configuration list for PBXNativeTarget "HTTPRPCExample" */;
			buildPhases = (
				377C994F1DBBBEE60098DD38 /* Sources */,
				377C99501DBBBEE60098DD38 /* Frameworks */,
				377C99511DBBBEE60098DD38 /* Resources */,
				377C99691DBBBF030098DD38 /* Embed Frameworks */,
			);
			buildRules = (
			);
			dependencies = (
				377C99681DBBBF030098DD38 /* PBXTargetDependency */,
			);
			name = HTTPRPCExample;
			productName = HTTPRPCExample;
			productReference = 377C99531DBBBEE60098DD38 /* HTTPRPCExample.app */;
			productType = "com.apple.product-type.application";
		};
		3798614B1BF009D60063212E /* HTTPRPC */ = {
			isa = PBXNativeTarget;
			buildConfigurationList = 379861541BF009D60063212E /* Build configuration list for PBXNativeTarget "HTTPRPC" */;
			buildPhases = (
				379861471BF009D60063212E /* Sources */,
				379861481BF009D60063212E /* Frameworks */,
				379861491BF009D60063212E /* Headers */,
				3798614A1BF009D60063212E /* Resources */,
			);
			buildRules = (
			);
			dependencies = (
			);
			name = HTTPRPC;
			productName = HTTPRPC;
			productReference = 3798614C1BF009D60063212E /* HTTPRPC.framework */;
			productType = "com.apple.product-type.framework";
		};
		3798615E1BF00AB00063212E /* HTTPRPCTest */ = {
			isa = PBXNativeTarget;
			buildConfigurationList = 3798616E1BF00AB00063212E /* Build configuration list for PBXNativeTarget "HTTPRPCTest" */;
			buildPhases = (
				3798615B1BF00AB00063212E /* Sources */,
				3798615C1BF00AB00063212E /* Frameworks */,
				3798615D1BF00AB00063212E /* Resources */,
				375218E91BF00B6600ACFFD1 /* Embed Frameworks */,
			);
			buildRules = (
			);
			dependencies = (
				375218E81BF00B6600ACFFD1 /* PBXTargetDependency */,
			);
			name = HTTPRPCTest;
			productName = HTTPRPCTest;
			productReference = 3798615F1BF00AB00063212E /* HTTPRPCTest.app */;
			productType = "com.apple.product-type.application";
		};
/* End PBXNativeTarget section */

/* Begin PBXProject section */
		379861431BF009D60063212E /* Project object */ = {
			isa = PBXProject;
			attributes = {
				LastSwiftUpdateCheck = 0800;
				LastUpgradeCheck = 0800;
				ORGANIZATIONNAME = "HTTP-RPC";
				TargetAttributes = {
					37543EDC1CB67E1A00006F16 = {
						CreatedOnToolsVersion = 7.3;
						LastSwiftMigration = 0800;
					};
					377C99521DBBBEE60098DD38 = {
						CreatedOnToolsVersion = 8.0;
						ProvisioningStyle = Automatic;
					};
					3798614B1BF009D60063212E = {
						CreatedOnToolsVersion = 7.1;
						DevelopmentTeam = FBUU23VBFN;
					};
					3798615E1BF00AB00063212E = {
						CreatedOnToolsVersion = 7.1;
						LastSwiftMigration = 0800;
					};
				};
			};
			buildConfigurationList = 379861461BF009D60063212E /* Build configuration list for PBXProject "HTTPRPC" */;
			compatibilityVersion = "Xcode 3.2";
			developmentRegion = English;
			hasScannedForEncodings = 0;
			knownRegions = (
				en,
				Base,
			);
			mainGroup = 379861421BF009D60063212E;
			productRefGroup = 3798614D1BF009D60063212E /* Products */;
			projectDirPath = "";
			projectRoot = "";
			targets = (
				3798614B1BF009D60063212E /* HTTPRPC */,
				3798615E1BF00AB00063212E /* HTTPRPCTest */,
				37543EDC1CB67E1A00006F16 /* HTTPRPCDemo */,
				377C99521DBBBEE60098DD38 /* HTTPRPCExample */,
			);
		};
/* End PBXProject section */

/* Begin PBXResourcesBuildPhase section */
		37543EDB1CB67E1A00006F16 /* Resources */ = {
			isa = PBXResourcesBuildPhase;
			buildActionMask = 2147483647;
			files = (
				37543EEA1CB67E1A00006F16 /* LaunchScreen.storyboard in Resources */,
				37DC1B5B1CB7DDAE0080F0DE /* Localizable.strings in Resources */,
				377A31821CB701BF002E314A /* AddNoteViewController.xml in Resources */,
				37543EE71CB67E1A00006F16 /* Assets.xcassets in Resources */,
			);
			runOnlyForDeploymentPostprocessing = 0;
		};
		377C99511DBBBEE60098DD38 /* Resources */ = {
			isa = PBXResourcesBuildPhase;
			buildActionMask = 2147483647;
			files = (
				377C99601DBBBEE60098DD38 /* LaunchScreen.storyboard in Resources */,
				377C99731DBBC0EA0098DD38 /* PostCell.xml in Resources */,
				377C99761DBBC0EA0098DD38 /* UserCell.xml in Resources */,
				377C995D1DBBBEE60098DD38 /* Assets.xcassets in Resources */,
			);
			runOnlyForDeploymentPostprocessing = 0;
		};
		3798614A1BF009D60063212E /* Resources */ = {
			isa = PBXResourcesBuildPhase;
			buildActionMask = 2147483647;
			files = (
			);
			runOnlyForDeploymentPostprocessing = 0;
		};
		3798615D1BF00AB00063212E /* Resources */ = {
			isa = PBXResourcesBuildPhase;
			buildActionMask = 2147483647;
			files = (
				3798616C1BF00AB00063212E /* LaunchScreen.storyboard in Resources */,
				371C21661CB449D4000CF22B /* ViewController.xml in Resources */,
				379861691BF00AB00063212E /* Assets.xcassets in Resources */,
				37B0AC071D1B57D20004A6B6 /* test.jpg in Resources */,
				37B0AC081D1B57D20004A6B6 /* test.txt in Resources */,
			);
			runOnlyForDeploymentPostprocessing = 0;
		};
/* End PBXResourcesBuildPhase section */

/* Begin PBXSourcesBuildPhase section */
		37543ED91CB67E1A00006F16 /* Sources */ = {
			isa = PBXSourcesBuildPhase;
			buildActionMask = 2147483647;
			files = (
				37543EE21CB67E1A00006F16 /* MainViewController.swift in Sources */,
				37543EE01CB67E1A00006F16 /* AppDelegate.swift in Sources */,
				377A31801CB700D9002E314A /* AddNoteViewController.swift in Sources */,
			);
			runOnlyForDeploymentPostprocessing = 0;
		};
		377C994F1DBBBEE60098DD38 /* Sources */ = {
			isa = PBXSourcesBuildPhase;
			buildActionMask = 2147483647;
			files = (
				377C99751DBBC0EA0098DD38 /* UserCell.swift in Sources */,
				377C99771DBBC0EA0098DD38 /* UserViewController.swift in Sources */,
				377C99741DBBC0EA0098DD38 /* PostViewController.swift in Sources */,
				377C99561DBBBEE60098DD38 /* AppDelegate.swift in Sources */,
				377C99721DBBC0EA0098DD38 /* PostCell.swift in Sources */,
			);
			runOnlyForDeploymentPostprocessing = 0;
		};
		379861471BF009D60063212E /* Sources */ = {
			isa = PBXSourcesBuildPhase;
			buildActionMask = 2147483647;
			files = (
				3798615A1BF00A0E0063212E /* WSWebServiceProxy.m in Sources */,
			);
			runOnlyForDeploymentPostprocessing = 0;
		};
		3798615B1BF00AB00063212E /* Sources */ = {
			isa = PBXSourcesBuildPhase;
			buildActionMask = 2147483647;
			files = (
				379861641BF00AB00063212E /* ViewController.swift in Sources */,
				379861621BF00AB00063212E /* AppDelegate.swift in Sources */,
			);
			runOnlyForDeploymentPostprocessing = 0;
		};
/* End PBXSourcesBuildPhase section */

/* Begin PBXTargetDependency section */
		3741BFE11CB67E8C00CCEA5F /* PBXTargetDependency */ = {
			isa = PBXTargetDependency;
			target = 3798614B1BF009D60063212E /* HTTPRPC */;
			targetProxy = 3741BFE01CB67E8C00CCEA5F /* PBXContainerItemProxy */;
		};
		375218E81BF00B6600ACFFD1 /* PBXTargetDependency */ = {
			isa = PBXTargetDependency;
			target = 3798614B1BF009D60063212E /* HTTPRPC */;
			targetProxy = 375218E71BF00B6600ACFFD1 /* PBXContainerItemProxy */;
		};
		377C99681DBBBF030098DD38 /* PBXTargetDependency */ = {
			isa = PBXTargetDependency;
			target = 3798614B1BF009D60063212E /* HTTPRPC */;
			targetProxy = 377C99671DBBBF030098DD38 /* PBXContainerItemProxy */;
		};
/* End PBXTargetDependency section */

/* Begin PBXVariantGroup section */
		37543EE81CB67E1A00006F16 /* LaunchScreen.storyboard */ = {
			isa = PBXVariantGroup;
			children = (
				37543EE91CB67E1A00006F16 /* Base */,
			);
			name = LaunchScreen.storyboard;
			sourceTree = "<group>";
		};
		377C995E1DBBBEE60098DD38 /* LaunchScreen.storyboard */ = {
			isa = PBXVariantGroup;
			children = (
				377C995F1DBBBEE60098DD38 /* Base */,
			);
			name = LaunchScreen.storyboard;
			sourceTree = "<group>";
		};
		3798616A1BF00AB00063212E /* LaunchScreen.storyboard */ = {
			isa = PBXVariantGroup;
			children = (
				3798616B1BF00AB00063212E /* Base */,
			);
			name = LaunchScreen.storyboard;
			sourceTree = "<group>";
		};
		37DC1B5D1CB7DDAE0080F0DE /* Localizable.strings */ = {
			isa = PBXVariantGroup;
			children = (
				37DC1B5C1CB7DDAE0080F0DE /* en */,
			);
			name = Localizable.strings;
			sourceTree = "<group>";
		};
/* End PBXVariantGroup section */

/* Begin XCBuildConfiguration section */
		37543EEC1CB67E1A00006F16 /* Debug */ = {
			isa = XCBuildConfiguration;
			buildSettings = {
				ASSETCATALOG_COMPILER_APPICON_NAME = AppIcon;
				CLANG_ANALYZER_NONNULL = YES;
				CODE_SIGN_IDENTITY = "";
				FRAMEWORK_SEARCH_PATHS = (
					"$(inherited)",
					"$(PROJECT_DIR)",
				);
				INFOPLIST_FILE = HTTPRPCDemo/Info.plist;
				IPHONEOS_DEPLOYMENT_TARGET = 8.4;
				LD_RUNPATH_SEARCH_PATHS = "$(inherited) @executable_path/Frameworks";
				PRODUCT_BUNDLE_IDENTIFIER = org.httprpc.HTTPRPCDemo;
				PRODUCT_NAME = "$(TARGET_NAME)";
				SWIFT_OPTIMIZATION_LEVEL = "-Onone";
				SWIFT_VERSION = 3.0;
			};
			name = Debug;
		};
		37543EED1CB67E1A00006F16 /* Release */ = {
			isa = XCBuildConfiguration;
			buildSettings = {
				ASSETCATALOG_COMPILER_APPICON_NAME = AppIcon;
				CLANG_ANALYZER_NONNULL = YES;
				CODE_SIGN_IDENTITY = "";
				FRAMEWORK_SEARCH_PATHS = (
					"$(inherited)",
					"$(PROJECT_DIR)",
				);
				INFOPLIST_FILE = HTTPRPCDemo/Info.plist;
				IPHONEOS_DEPLOYMENT_TARGET = 8.4;
				LD_RUNPATH_SEARCH_PATHS = "$(inherited) @executable_path/Frameworks";
				PRODUCT_BUNDLE_IDENTIFIER = org.httprpc.HTTPRPCDemo;
				PRODUCT_NAME = "$(TARGET_NAME)";
				SWIFT_VERSION = 3.0;
			};
			name = Release;
		};
		377C99621DBBBEE60098DD38 /* Debug */ = {
			isa = XCBuildConfiguration;
			buildSettings = {
				ASSETCATALOG_COMPILER_APPICON_NAME = AppIcon;
				CLANG_ANALYZER_NONNULL = YES;
				CLANG_WARN_DOCUMENTATION_COMMENTS = YES;
				CLANG_WARN_SUSPICIOUS_MOVES = YES;
				"CODE_SIGN_IDENTITY[sdk=iphoneos*]" = "";
				DEVELOPMENT_TEAM = "";
				FRAMEWORK_SEARCH_PATHS = (
					"$(inherited)",
					"$(PROJECT_DIR)",
				);
				INFOPLIST_FILE = HTTPRPCExample/Info.plist;
				IPHONEOS_DEPLOYMENT_TARGET = 8.4;
				LD_RUNPATH_SEARCH_PATHS = "$(inherited) @executable_path/Frameworks";
				PRODUCT_BUNDLE_IDENTIFIER = org.httprpc.HTTPRPCExample;
				PRODUCT_NAME = "$(TARGET_NAME)";
				SWIFT_ACTIVE_COMPILATION_CONDITIONS = DEBUG;
				SWIFT_OPTIMIZATION_LEVEL = "-Onone";
				SWIFT_VERSION = 3.0;
			};
			name = Debug;
		};
		377C99631DBBBEE60098DD38 /* Release */ = {
			isa = XCBuildConfiguration;
			buildSettings = {
				ASSETCATALOG_COMPILER_APPICON_NAME = AppIcon;
				CLANG_ANALYZER_NONNULL = YES;
				CLANG_WARN_DOCUMENTATION_COMMENTS = YES;
				CLANG_WARN_SUSPICIOUS_MOVES = YES;
				"CODE_SIGN_IDENTITY[sdk=iphoneos*]" = "";
				DEVELOPMENT_TEAM = "";
				FRAMEWORK_SEARCH_PATHS = (
					"$(inherited)",
					"$(PROJECT_DIR)",
				);
				INFOPLIST_FILE = HTTPRPCExample/Info.plist;
				IPHONEOS_DEPLOYMENT_TARGET = 8.4;
				LD_RUNPATH_SEARCH_PATHS = "$(inherited) @executable_path/Frameworks";
				PRODUCT_BUNDLE_IDENTIFIER = org.httprpc.HTTPRPCExample;
				PRODUCT_NAME = "$(TARGET_NAME)";
				SWIFT_VERSION = 3.0;
			};
			name = Release;
		};
		379861521BF009D60063212E /* Debug */ = {
			isa = XCBuildConfiguration;
			buildSettings = {
				ALWAYS_SEARCH_USER_PATHS = NO;
				CLANG_CXX_LANGUAGE_STANDARD = "gnu++0x";
				CLANG_CXX_LIBRARY = "libc++";
				CLANG_ENABLE_MODULES = YES;
				CLANG_ENABLE_OBJC_ARC = YES;
				CLANG_WARN_BOOL_CONVERSION = YES;
				CLANG_WARN_CONSTANT_CONVERSION = YES;
				CLANG_WARN_DIRECT_OBJC_ISA_USAGE = YES_ERROR;
				CLANG_WARN_EMPTY_BODY = YES;
				CLANG_WARN_ENUM_CONVERSION = YES;
				CLANG_WARN_INFINITE_RECURSION = YES;
				CLANG_WARN_INT_CONVERSION = YES;
				CLANG_WARN_OBJC_ROOT_CLASS = YES_ERROR;
				CLANG_WARN_SUSPICIOUS_MOVE = YES;
				CLANG_WARN_UNREACHABLE_CODE = YES;
				CLANG_WARN__DUPLICATE_METHOD_MATCH = YES;
				"CODE_SIGN_IDENTITY[sdk=iphoneos*]" = "";
				COPY_PHASE_STRIP = NO;
				CURRENT_PROJECT_VERSION = 1;
				DEBUG_INFORMATION_FORMAT = dwarf;
				ENABLE_STRICT_OBJC_MSGSEND = YES;
				ENABLE_TESTABILITY = YES;
				GCC_C_LANGUAGE_STANDARD = gnu99;
				GCC_DYNAMIC_NO_PIC = NO;
				GCC_NO_COMMON_BLOCKS = YES;
				GCC_OPTIMIZATION_LEVEL = 0;
				GCC_PREPROCESSOR_DEFINITIONS = (
					"DEBUG=1",
					"$(inherited)",
				);
				GCC_WARN_64_TO_32_BIT_CONVERSION = YES;
				GCC_WARN_ABOUT_RETURN_TYPE = YES_ERROR;
				GCC_WARN_UNDECLARED_SELECTOR = YES;
				GCC_WARN_UNINITIALIZED_AUTOS = YES_AGGRESSIVE;
				GCC_WARN_UNUSED_FUNCTION = YES;
				GCC_WARN_UNUSED_VARIABLE = YES;
				IPHONEOS_DEPLOYMENT_TARGET = 8.0;
				MTL_ENABLE_DEBUG_INFO = YES;
				ONLY_ACTIVE_ARCH = YES;
				SDKROOT = iphoneos;
				TARGETED_DEVICE_FAMILY = "1,2";
				VERSIONING_SYSTEM = "apple-generic";
				VERSION_INFO_PREFIX = "";
			};
			name = Debug;
		};
		379861531BF009D60063212E /* Release */ = {
			isa = XCBuildConfiguration;
			buildSettings = {
				ALWAYS_SEARCH_USER_PATHS = NO;
				CLANG_CXX_LANGUAGE_STANDARD = "gnu++0x";
				CLANG_CXX_LIBRARY = "libc++";
				CLANG_ENABLE_MODULES = YES;
				CLANG_ENABLE_OBJC_ARC = YES;
				CLANG_WARN_BOOL_CONVERSION = YES;
				CLANG_WARN_CONSTANT_CONVERSION = YES;
				CLANG_WARN_DIRECT_OBJC_ISA_USAGE = YES_ERROR;
				CLANG_WARN_EMPTY_BODY = YES;
				CLANG_WARN_ENUM_CONVERSION = YES;
				CLANG_WARN_INFINITE_RECURSION = YES;
				CLANG_WARN_INT_CONVERSION = YES;
				CLANG_WARN_OBJC_ROOT_CLASS = YES_ERROR;
				CLANG_WARN_SUSPICIOUS_MOVE = YES;
				CLANG_WARN_UNREACHABLE_CODE = YES;
				CLANG_WARN__DUPLICATE_METHOD_MATCH = YES;
				"CODE_SIGN_IDENTITY[sdk=iphoneos*]" = "";
				COPY_PHASE_STRIP = NO;
				CURRENT_PROJECT_VERSION = 1;
				DEBUG_INFORMATION_FORMAT = "dwarf-with-dsym";
				ENABLE_NS_ASSERTIONS = NO;
				ENABLE_STRICT_OBJC_MSGSEND = YES;
				GCC_C_LANGUAGE_STANDARD = gnu99;
				GCC_NO_COMMON_BLOCKS = YES;
				GCC_WARN_64_TO_32_BIT_CONVERSION = YES;
				GCC_WARN_ABOUT_RETURN_TYPE = YES_ERROR;
				GCC_WARN_UNDECLARED_SELECTOR = YES;
				GCC_WARN_UNINITIALIZED_AUTOS = YES_AGGRESSIVE;
				GCC_WARN_UNUSED_FUNCTION = YES;
				GCC_WARN_UNUSED_VARIABLE = YES;
				IPHONEOS_DEPLOYMENT_TARGET = 8.0;
				MTL_ENABLE_DEBUG_INFO = NO;
				SDKROOT = iphoneos;
				SWIFT_OPTIMIZATION_LEVEL = "-Owholemodule";
				TARGETED_DEVICE_FAMILY = "1,2";
				VALIDATE_PRODUCT = YES;
				VERSIONING_SYSTEM = "apple-generic";
				VERSION_INFO_PREFIX = "";
			};
			name = Release;
		};
		379861551BF009D60063212E /* Debug */ = {
			isa = XCBuildConfiguration;
			buildSettings = {
				CODE_SIGN_IDENTITY = "";
				"CODE_SIGN_IDENTITY[sdk=iphoneos*]" = "";
				DEFINES_MODULE = YES;
				DYLIB_COMPATIBILITY_VERSION = 1;
				DYLIB_CURRENT_VERSION = 1;
				DYLIB_INSTALL_NAME_BASE = "@rpath";
				INFOPLIST_FILE = HTTPRPC/Info.plist;
				INSTALL_PATH = "$(LOCAL_LIBRARY_DIR)/Frameworks";
				IPHONEOS_DEPLOYMENT_TARGET = 8.0;
				LD_RUNPATH_SEARCH_PATHS = "$(inherited) @executable_path/Frameworks @loader_path/Frameworks";
				PRODUCT_BUNDLE_IDENTIFIER = org.httprpc.HTTPRPC;
				PRODUCT_NAME = "$(TARGET_NAME)";
				SKIP_INSTALL = YES;
			};
			name = Debug;
		};
		379861561BF009D60063212E /* Release */ = {
			isa = XCBuildConfiguration;
			buildSettings = {
				CODE_SIGN_IDENTITY = "";
				"CODE_SIGN_IDENTITY[sdk=iphoneos*]" = "";
				DEFINES_MODULE = YES;
				DYLIB_COMPATIBILITY_VERSION = 1;
				DYLIB_CURRENT_VERSION = 1;
				DYLIB_INSTALL_NAME_BASE = "@rpath";
				INFOPLIST_FILE = HTTPRPC/Info.plist;
				INSTALL_PATH = "$(LOCAL_LIBRARY_DIR)/Frameworks";
				IPHONEOS_DEPLOYMENT_TARGET = 8.0;
				LD_RUNPATH_SEARCH_PATHS = "$(inherited) @executable_path/Frameworks @loader_path/Frameworks";
				PRODUCT_BUNDLE_IDENTIFIER = org.httprpc.HTTPRPC;
				PRODUCT_NAME = "$(TARGET_NAME)";
				SKIP_INSTALL = YES;
			};
			name = Release;
		};
		3798616F1BF00AB00063212E /* Debug */ = {
			isa = XCBuildConfiguration;
			buildSettings = {
				ASSETCATALOG_COMPILER_APPICON_NAME = AppIcon;
				CODE_SIGN_IDENTITY = "";
				FRAMEWORK_SEARCH_PATHS = (
					"$(inherited)",
					"$(PROJECT_DIR)",
				);
				INFOPLIST_FILE = HTTPRPCTest/Info.plist;
				IPHONEOS_DEPLOYMENT_TARGET = 8.4;
				LD_RUNPATH_SEARCH_PATHS = "$(inherited) @executable_path/Frameworks";
				PRODUCT_BUNDLE_IDENTIFIER = org.httprpc.HTTPRPCTest;
				PRODUCT_NAME = "$(TARGET_NAME)";
				SWIFT_OPTIMIZATION_LEVEL = "-Onone";
				SWIFT_VERSION = 3.0;
			};
			name = Debug;
		};
		379861701BF00AB00063212E /* Release */ = {
			isa = XCBuildConfiguration;
			buildSettings = {
				ASSETCATALOG_COMPILER_APPICON_NAME = AppIcon;
				CODE_SIGN_IDENTITY = "";
				FRAMEWORK_SEARCH_PATHS = (
					"$(inherited)",
					"$(PROJECT_DIR)",
				);
				INFOPLIST_FILE = HTTPRPCTest/Info.plist;
				IPHONEOS_DEPLOYMENT_TARGET = 8.4;
				LD_RUNPATH_SEARCH_PATHS = "$(inherited) @executable_path/Frameworks";
				PRODUCT_BUNDLE_IDENTIFIER = org.httprpc.HTTPRPCTest;
				PRODUCT_NAME = "$(TARGET_NAME)";
				SWIFT_VERSION = 3.0;
			};
			name = Release;
		};
/* End XCBuildConfiguration section */

/* Begin XCConfigurationList section */
		37543EEE1CB67E1A00006F16 /* Build configuration list for PBXNativeTarget "HTTPRPCDemo" */ = {
			isa = XCConfigurationList;
			buildConfigurations = (
				37543EEC1CB67E1A00006F16 /* Debug */,
				37543EED1CB67E1A00006F16 /* Release */,
			);
			defaultConfigurationIsVisible = 0;
			defaultConfigurationName = Release;
		};
		377C99641DBBBEE60098DD38 /* Build configuration list for PBXNativeTarget "HTTPRPCExample" */ = {
			isa = XCConfigurationList;
			buildConfigurations = (
				377C99621DBBBEE60098DD38 /* Debug */,
				377C99631DBBBEE60098DD38 /* Release */,
			);
			defaultConfigurationIsVisible = 0;
			defaultConfigurationName = Release;
		};
		379861461BF009D60063212E /* Build configuration list for PBXProject "HTTPRPC" */ = {
			isa = XCConfigurationList;
			buildConfigurations = (
				379861521BF009D60063212E /* Debug */,
				379861531BF009D60063212E /* Release */,
			);
			defaultConfigurationIsVisible = 0;
			defaultConfigurationName = Release;
		};
		379861541BF009D60063212E /* Build configuration list for PBXNativeTarget "HTTPRPC" */ = {
			isa = XCConfigurationList;
			buildConfigurations = (
				379861551BF009D60063212E /* Debug */,
				379861561BF009D60063212E /* Release */,
			);
			defaultConfigurationIsVisible = 0;
			defaultConfigurationName = Release;
		};
		3798616E1BF00AB00063212E /* Build configuration list for PBXNativeTarget "HTTPRPCTest" */ = {
			isa = XCConfigurationList;
			buildConfigurations = (
				3798616F1BF00AB00063212E /* Debug */,
				379861701BF00AB00063212E /* Release */,
			);
			defaultConfigurationIsVisible = 0;
			defaultConfigurationName = Release;
		};
/* End XCConfigurationList section */
	};
	rootObject = 379861431BF009D60063212E /* Project object */;
}
